# This file is automatically @generated by Poetry and should not be changed by hand.

[[package]]
name = "attrs"
version = "22.1.0"
description = "Classes Without Boilerplate"
category = "dev"
optional = false
python-versions = ">=3.5"
files = [
    {file = "attrs-22.1.0-py2.py3-none-any.whl", hash = "sha256:86efa402f67bf2df34f51a335487cf46b1ec130d02b8d39fd248abfd30da551c"},
    {file = "attrs-22.1.0.tar.gz", hash = "sha256:29adc2665447e5191d0e7c568fde78b21f9672d344281d0c6e1ab085429b22b6"},
]

[package.extras]
dev = ["cloudpickle", "coverage[toml] (>=5.0.2)", "furo", "hypothesis", "mypy (>=0.900,!=0.940)", "pre-commit", "pympler", "pytest (>=4.3.0)", "pytest-mypy-plugins", "sphinx", "sphinx-notfound-page", "zope.interface"]
docs = ["furo", "sphinx", "sphinx-notfound-page", "zope.interface"]
tests = ["cloudpickle", "coverage[toml] (>=5.0.2)", "hypothesis", "mypy (>=0.900,!=0.940)", "pympler", "pytest (>=4.3.0)", "pytest-mypy-plugins", "zope.interface"]
tests-no-zope = ["cloudpickle", "coverage[toml] (>=5.0.2)", "hypothesis", "mypy (>=0.900,!=0.940)", "pympler", "pytest (>=4.3.0)", "pytest-mypy-plugins"]

[[package]]
name = "black"
version = "22.12.0"
description = "The uncompromising code formatter."
category = "dev"
optional = false
python-versions = ">=3.7"
files = [
    {file = "black-22.12.0-cp310-cp310-manylinux_2_17_x86_64.manylinux2014_x86_64.whl", hash = "sha256:9eedd20838bd5d75b80c9f5487dbcb06836a43833a37846cf1d8c1cc01cef59d"},
    {file = "black-22.12.0-cp310-cp310-win_amd64.whl", hash = "sha256:159a46a4947f73387b4d83e87ea006dbb2337eab6c879620a3ba52699b1f4351"},
    {file = "black-22.12.0-cp311-cp311-manylinux_2_17_x86_64.manylinux2014_x86_64.whl", hash = "sha256:d30b212bffeb1e252b31dd269dfae69dd17e06d92b87ad26e23890f3efea366f"},
    {file = "black-22.12.0-cp311-cp311-win_amd64.whl", hash = "sha256:7412e75863aa5c5411886804678b7d083c7c28421210180d67dfd8cf1221e1f4"},
    {file = "black-22.12.0-cp37-cp37m-manylinux_2_17_x86_64.manylinux2014_x86_64.whl", hash = "sha256:c116eed0efb9ff870ded8b62fe9f28dd61ef6e9ddd28d83d7d264a38417dcee2"},
    {file = "black-22.12.0-cp37-cp37m-win_amd64.whl", hash = "sha256:1f58cbe16dfe8c12b7434e50ff889fa479072096d79f0a7f25e4ab8e94cd8350"},
    {file = "black-22.12.0-cp38-cp38-manylinux_2_17_x86_64.manylinux2014_x86_64.whl", hash = "sha256:77d86c9f3db9b1bf6761244bc0b3572a546f5fe37917a044e02f3166d5aafa7d"},
    {file = "black-22.12.0-cp38-cp38-win_amd64.whl", hash = "sha256:82d9fe8fee3401e02e79767016b4907820a7dc28d70d137eb397b92ef3cc5bfc"},
    {file = "black-22.12.0-cp39-cp39-manylinux_2_17_x86_64.manylinux2014_x86_64.whl", hash = "sha256:101c69b23df9b44247bd88e1d7e90154336ac4992502d4197bdac35dd7ee3320"},
    {file = "black-22.12.0-cp39-cp39-win_amd64.whl", hash = "sha256:559c7a1ba9a006226f09e4916060982fd27334ae1998e7a38b3f33a37f7a2148"},
    {file = "black-22.12.0-py3-none-any.whl", hash = "sha256:436cc9167dd28040ad90d3b404aec22cedf24a6e4d7de221bec2730ec0c97bcf"},
    {file = "black-22.12.0.tar.gz", hash = "sha256:229351e5a18ca30f447bf724d007f890f97e13af070bb6ad4c0a441cd7596a2f"},
]

[package.dependencies]
click = ">=8.0.0"
mypy-extensions = ">=0.4.3"
pathspec = ">=0.9.0"
platformdirs = ">=2"
tomli = {version = ">=1.1.0", markers = "python_full_version < \"3.11.0a7\""}
typing-extensions = {version = ">=3.10.0.0", markers = "python_version < \"3.10\""}

[package.extras]
colorama = ["colorama (>=0.4.3)"]
d = ["aiohttp (>=3.7.4)"]
jupyter = ["ipython (>=7.8.0)", "tokenize-rt (>=3.2.0)"]
uvloop = ["uvloop (>=0.15.2)"]

[[package]]
name = "click"
version = "8.1.3"
description = "Composable command line interface toolkit"
category = "dev"
optional = false
python-versions = ">=3.7"
files = [
    {file = "click-8.1.3-py3-none-any.whl", hash = "sha256:bb4d8133cb15a609f44e8213d9b391b0809795062913b383c62be0ee95b1db48"},
    {file = "click-8.1.3.tar.gz", hash = "sha256:7682dc8afb30297001674575ea00d1814d808d6a36af415a82bd481d37ba7b8e"},
]

[package.dependencies]
colorama = {version = "*", markers = "platform_system == \"Windows\""}

[[package]]
name = "colorama"
version = "0.4.6"
description = "Cross-platform colored terminal text."
category = "dev"
optional = false
python-versions = "!=3.0.*,!=3.1.*,!=3.2.*,!=3.3.*,!=3.4.*,!=3.5.*,!=3.6.*,>=2.7"
files = [
    {file = "colorama-0.4.6-py2.py3-none-any.whl", hash = "sha256:4f1d9991f5acc0ca119f9d443620b77f9d6b33703e51011c16baf57afb285fc6"},
    {file = "colorama-0.4.6.tar.gz", hash = "sha256:08695f5cb7ed6e0531a20572697297273c47b8cae5a63ffc6d6ed5c201be6e44"},
]

[[package]]
name = "coverage"
version = "6.5.0"
description = "Code coverage measurement for Python"
category = "dev"
optional = false
python-versions = ">=3.7"
files = [
    {file = "coverage-6.5.0-cp310-cp310-macosx_10_9_x86_64.whl", hash = "sha256:ef8674b0ee8cc11e2d574e3e2998aea5df5ab242e012286824ea3c6970580e53"},
    {file = "coverage-6.5.0-cp310-cp310-macosx_11_0_arm64.whl", hash = "sha256:784f53ebc9f3fd0e2a3f6a78b2be1bd1f5575d7863e10c6e12504f240fd06660"},
    {file = "coverage-6.5.0-cp310-cp310-manylinux_2_17_aarch64.manylinux2014_aarch64.whl", hash = "sha256:b4a5be1748d538a710f87542f22c2cad22f80545a847ad91ce45e77417293eb4"},
    {file = "coverage-6.5.0-cp310-cp310-manylinux_2_5_i686.manylinux1_i686.manylinux_2_17_i686.manylinux2014_i686.whl", hash = "sha256:83516205e254a0cb77d2d7bb3632ee019d93d9f4005de31dca0a8c3667d5bc04"},
    {file = "coverage-6.5.0-cp310-cp310-manylinux_2_5_x86_64.manylinux1_x86_64.manylinux_2_17_x86_64.manylinux2014_x86_64.whl", hash = "sha256:af4fffaffc4067232253715065e30c5a7ec6faac36f8fc8d6f64263b15f74db0"},
    {file = "coverage-6.5.0-cp310-cp310-musllinux_1_1_aarch64.whl", hash = "sha256:97117225cdd992a9c2a5515db1f66b59db634f59d0679ca1fa3fe8da32749cae"},
    {file = "coverage-6.5.0-cp310-cp310-musllinux_1_1_i686.whl", hash = "sha256:a1170fa54185845505fbfa672f1c1ab175446c887cce8212c44149581cf2d466"},
    {file = "coverage-6.5.0-cp310-cp310-musllinux_1_1_x86_64.whl", hash = "sha256:11b990d520ea75e7ee8dcab5bc908072aaada194a794db9f6d7d5cfd19661e5a"},
    {file = "coverage-6.5.0-cp310-cp310-win32.whl", hash = "sha256:5dbec3b9095749390c09ab7c89d314727f18800060d8d24e87f01fb9cfb40b32"},
    {file = "coverage-6.5.0-cp310-cp310-win_amd64.whl", hash = "sha256:59f53f1dc5b656cafb1badd0feb428c1e7bc19b867479ff72f7a9dd9b479f10e"},
    {file = "coverage-6.5.0-cp311-cp311-macosx_10_9_x86_64.whl", hash = "sha256:4a5375e28c5191ac38cca59b38edd33ef4cc914732c916f2929029b4bfb50795"},
    {file = "coverage-6.5.0-cp311-cp311-manylinux_2_17_aarch64.manylinux2014_aarch64.whl", hash = "sha256:c4ed2820d919351f4167e52425e096af41bfabacb1857186c1ea32ff9983ed75"},
    {file = "coverage-6.5.0-cp311-cp311-manylinux_2_5_i686.manylinux1_i686.manylinux_2_17_i686.manylinux2014_i686.whl", hash = "sha256:33a7da4376d5977fbf0a8ed91c4dffaaa8dbf0ddbf4c8eea500a2486d8bc4d7b"},
    {file = "coverage-6.5.0-cp311-cp311-manylinux_2_5_x86_64.manylinux1_x86_64.manylinux_2_17_x86_64.manylinux2014_x86_64.whl", hash = "sha256:a8fb6cf131ac4070c9c5a3e21de0f7dc5a0fbe8bc77c9456ced896c12fcdad91"},
    {file = "coverage-6.5.0-cp311-cp311-musllinux_1_1_aarch64.whl", hash = "sha256:a6b7d95969b8845250586f269e81e5dfdd8ff828ddeb8567a4a2eaa7313460c4"},
    {file = "coverage-6.5.0-cp311-cp311-musllinux_1_1_i686.whl", hash = "sha256:1ef221513e6f68b69ee9e159506d583d31aa3567e0ae84eaad9d6ec1107dddaa"},
    {file = "coverage-6.5.0-cp311-cp311-musllinux_1_1_x86_64.whl", hash = "sha256:cca4435eebea7962a52bdb216dec27215d0df64cf27fc1dd538415f5d2b9da6b"},
    {file = "coverage-6.5.0-cp311-cp311-win32.whl", hash = "sha256:98e8a10b7a314f454d9eff4216a9a94d143a7ee65018dd12442e898ee2310578"},
    {file = "coverage-6.5.0-cp311-cp311-win_amd64.whl", hash = "sha256:bc8ef5e043a2af066fa8cbfc6e708d58017024dc4345a1f9757b329a249f041b"},
    {file = "coverage-6.5.0-cp37-cp37m-macosx_10_9_x86_64.whl", hash = "sha256:4433b90fae13f86fafff0b326453dd42fc9a639a0d9e4eec4d366436d1a41b6d"},
    {file = "coverage-6.5.0-cp37-cp37m-manylinux_2_17_aarch64.manylinux2014_aarch64.whl", hash = "sha256:f4f05d88d9a80ad3cac6244d36dd89a3c00abc16371769f1340101d3cb899fc3"},
    {file = "coverage-6.5.0-cp37-cp37m-manylinux_2_5_i686.manylinux1_i686.manylinux_2_17_i686.manylinux2014_i686.whl", hash = "sha256:94e2565443291bd778421856bc975d351738963071e9b8839ca1fc08b42d4bef"},
    {file = "coverage-6.5.0-cp37-cp37m-manylinux_2_5_x86_64.manylinux1_x86_64.manylinux_2_17_x86_64.manylinux2014_x86_64.whl", hash = "sha256:027018943386e7b942fa832372ebc120155fd970837489896099f5cfa2890f79"},
    {file = "coverage-6.5.0-cp37-cp37m-musllinux_1_1_aarch64.whl", hash = "sha256:255758a1e3b61db372ec2736c8e2a1fdfaf563977eedbdf131de003ca5779b7d"},
    {file = "coverage-6.5.0-cp37-cp37m-musllinux_1_1_i686.whl", hash = "sha256:851cf4ff24062c6aec510a454b2584f6e998cada52d4cb58c5e233d07172e50c"},
    {file = "coverage-6.5.0-cp37-cp37m-musllinux_1_1_x86_64.whl", hash = "sha256:12adf310e4aafddc58afdb04d686795f33f4d7a6fa67a7a9d4ce7d6ae24d949f"},
    {file = "coverage-6.5.0-cp37-cp37m-win32.whl", hash = "sha256:b5604380f3415ba69de87a289a2b56687faa4fe04dbee0754bfcae433489316b"},
    {file = "coverage-6.5.0-cp37-cp37m-win_amd64.whl", hash = "sha256:4a8dbc1f0fbb2ae3de73eb0bdbb914180c7abfbf258e90b311dcd4f585d44bd2"},
    {file = "coverage-6.5.0-cp38-cp38-macosx_10_9_x86_64.whl", hash = "sha256:d900bb429fdfd7f511f868cedd03a6bbb142f3f9118c09b99ef8dc9bf9643c3c"},
    {file = "coverage-6.5.0-cp38-cp38-macosx_11_0_arm64.whl", hash = "sha256:2198ea6fc548de52adc826f62cb18554caedfb1d26548c1b7c88d8f7faa8f6ba"},
    {file = "coverage-6.5.0-cp38-cp38-manylinux_2_17_aarch64.manylinux2014_aarch64.whl", hash = "sha256:6c4459b3de97b75e3bd6b7d4b7f0db13f17f504f3d13e2a7c623786289dd670e"},
    {file = "coverage-6.5.0-cp38-cp38-manylinux_2_5_i686.manylinux1_i686.manylinux_2_17_i686.manylinux2014_i686.whl", hash = "sha256:20c8ac5386253717e5ccc827caad43ed66fea0efe255727b1053a8154d952398"},
    {file = "coverage-6.5.0-cp38-cp38-manylinux_2_5_x86_64.manylinux1_x86_64.manylinux_2_17_x86_64.manylinux2014_x86_64.whl", hash = "sha256:6b07130585d54fe8dff3d97b93b0e20290de974dc8177c320aeaf23459219c0b"},
    {file = "coverage-6.5.0-cp38-cp38-musllinux_1_1_aarch64.whl", hash = "sha256:dbdb91cd8c048c2b09eb17713b0c12a54fbd587d79adcebad543bc0cd9a3410b"},
    {file = "coverage-6.5.0-cp38-cp38-musllinux_1_1_i686.whl", hash = "sha256:de3001a203182842a4630e7b8d1a2c7c07ec1b45d3084a83d5d227a3806f530f"},
    {file = "coverage-6.5.0-cp38-cp38-musllinux_1_1_x86_64.whl", hash = "sha256:e07f4a4a9b41583d6eabec04f8b68076ab3cd44c20bd29332c6572dda36f372e"},
    {file = "coverage-6.5.0-cp38-cp38-win32.whl", hash = "sha256:6d4817234349a80dbf03640cec6109cd90cba068330703fa65ddf56b60223a6d"},
    {file = "coverage-6.5.0-cp38-cp38-win_amd64.whl", hash = "sha256:7ccf362abd726b0410bf8911c31fbf97f09f8f1061f8c1cf03dfc4b6372848f6"},
    {file = "coverage-6.5.0-cp39-cp39-macosx_10_9_x86_64.whl", hash = "sha256:633713d70ad6bfc49b34ead4060531658dc6dfc9b3eb7d8a716d5873377ab745"},
    {file = "coverage-6.5.0-cp39-cp39-macosx_11_0_arm64.whl", hash = "sha256:95203854f974e07af96358c0b261f1048d8e1083f2de9b1c565e1be4a3a48cfc"},
    {file = "coverage-6.5.0-cp39-cp39-manylinux_2_17_aarch64.manylinux2014_aarch64.whl", hash = "sha256:b9023e237f4c02ff739581ef35969c3739445fb059b060ca51771e69101efffe"},
    {file = "coverage-6.5.0-cp39-cp39-manylinux_2_5_i686.manylinux1_i686.manylinux_2_17_i686.manylinux2014_i686.whl", hash = "sha256:265de0fa6778d07de30bcf4d9dc471c3dc4314a23a3c6603d356a3c9abc2dfcf"},
    {file = "coverage-6.5.0-cp39-cp39-manylinux_2_5_x86_64.manylinux1_x86_64.manylinux_2_17_x86_64.manylinux2014_x86_64.whl", hash = "sha256:8f830ed581b45b82451a40faabb89c84e1a998124ee4212d440e9c6cf70083e5"},
    {file = "coverage-6.5.0-cp39-cp39-musllinux_1_1_aarch64.whl", hash = "sha256:7b6be138d61e458e18d8e6ddcddd36dd96215edfe5f1168de0b1b32635839b62"},
    {file = "coverage-6.5.0-cp39-cp39-musllinux_1_1_i686.whl", hash = "sha256:42eafe6778551cf006a7c43153af1211c3aaab658d4d66fa5fcc021613d02518"},
    {file = "coverage-6.5.0-cp39-cp39-musllinux_1_1_x86_64.whl", hash = "sha256:723e8130d4ecc8f56e9a611e73b31219595baa3bb252d539206f7bbbab6ffc1f"},
    {file = "coverage-6.5.0-cp39-cp39-win32.whl", hash = "sha256:d9ecf0829c6a62b9b573c7bb6d4dcd6ba8b6f80be9ba4fc7ed50bf4ac9aecd72"},
    {file = "coverage-6.5.0-cp39-cp39-win_amd64.whl", hash = "sha256:fc2af30ed0d5ae0b1abdb4ebdce598eafd5b35397d4d75deb341a614d333d987"},
    {file = "coverage-6.5.0-pp36.pp37.pp38-none-any.whl", hash = "sha256:1431986dac3923c5945271f169f59c45b8802a114c8f548d611f2015133df77a"},
    {file = "coverage-6.5.0.tar.gz", hash = "sha256:f642e90754ee3e06b0e7e51bce3379590e76b7f76b708e1a71ff043f87025c84"},
]

[package.dependencies]
tomli = {version = "*", optional = true, markers = "python_full_version <= \"3.11.0a6\" and extra == \"toml\""}

[package.extras]
toml = ["tomli"]

[[package]]
name = "exceptiongroup"
version = "1.0.0rc9"
description = "Backport of PEP 654 (exception groups)"
category = "dev"
optional = false
python-versions = ">=3.7"
files = [
    {file = "exceptiongroup-1.0.0rc9-py3-none-any.whl", hash = "sha256:2e3c3fc1538a094aab74fad52d6c33fc94de3dfee3ee01f187c0e0c72aec5337"},
    {file = "exceptiongroup-1.0.0rc9.tar.gz", hash = "sha256:9086a4a21ef9b31c72181c77c040a074ba0889ee56a7b289ff0afb0d97655f96"},
]

[package.extras]
test = ["pytest (>=6)"]

[[package]]
name = "flake8"
version = "5.0.4"
description = "the modular source code checker: pep8 pyflakes and co"
category = "dev"
optional = false
python-versions = ">=3.6.1"
files = [
    {file = "flake8-5.0.4-py2.py3-none-any.whl", hash = "sha256:7a1cf6b73744f5806ab95e526f6f0d8c01c66d7bbe349562d22dfca20610b248"},
    {file = "flake8-5.0.4.tar.gz", hash = "sha256:6fbe320aad8d6b95cec8b8e47bc933004678dc63095be98528b7bdd2a9f510db"},
]

[package.dependencies]
mccabe = ">=0.7.0,<0.8.0"
pycodestyle = ">=2.9.0,<2.10.0"
pyflakes = ">=2.5.0,<2.6.0"

[[package]]
name = "grpc-stubs"
version = "1.24.12"
description = "Mypy stubs for gRPC"
category = "dev"
optional = false
python-versions = ">=3.6"
files = [
    {file = "grpc-stubs-1.24.12.tar.gz", hash = "sha256:7ca7bff5a9bd6401c6cddedf14882c8cb6d5ff6017271ad36881c8eb5129d6cd"},
    {file = "grpc_stubs-1.24.12-py3-none-any.whl", hash = "sha256:9cdc502ea7a4a69841e3328414181bc407b32a8339feae4397c82182b7a0a779"},
]

[package.dependencies]
grpcio = "*"

[[package]]
name = "grpcio"
version = "1.52.0"
description = "HTTP/2-based RPC framework"
category = "main"
optional = false
python-versions = ">=3.7"
files = [
    {file = "grpcio-1.52.0-cp310-cp310-linux_armv7l.whl", hash = "sha256:7a6f6e2857908f9d7dc9a3150d45c72a35c351aa74621100145bd8ce4d083cac"},
    {file = "grpcio-1.52.0-cp310-cp310-macosx_12_0_universal2.whl", hash = "sha256:b0c55958d3aa9b60eabd1cb230e2d80e48bc4baa2f7e90e7637dc8429538599a"},
    {file = "grpcio-1.52.0-cp310-cp310-manylinux_2_17_aarch64.whl", hash = "sha256:ef46f86aabc254d1599adf00eaa47f9d8b8c2af51b89934f0dbe2309b829c778"},
    {file = "grpcio-1.52.0-cp310-cp310-manylinux_2_17_i686.manylinux2014_i686.whl", hash = "sha256:5d767848c6540130b00255d062e0eee7e8fe53dabef6c7bdf19b8e12085324f7"},
    {file = "grpcio-1.52.0-cp310-cp310-manylinux_2_17_x86_64.manylinux2014_x86_64.whl", hash = "sha256:c07775ad29baaa957e13a2fdb9724aa734b81be9be015c25d36bd93544a9279e"},
    {file = "grpcio-1.52.0-cp310-cp310-musllinux_1_1_i686.whl", hash = "sha256:8e64e5d2e76745584c193e29f68fa038ad516e3b03fb16ccff9cc6c416c08b94"},
    {file = "grpcio-1.52.0-cp310-cp310-musllinux_1_1_x86_64.whl", hash = "sha256:bc9467256c0525f83cadf0a77141ea393d3ed1bd1c218ac835e073d8a56d3c50"},
    {file = "grpcio-1.52.0-cp310-cp310-win32.whl", hash = "sha256:7d4da24ec79183a27e690de06e7b5765734fe958651473b27c7d0020a2e465e4"},
    {file = "grpcio-1.52.0-cp310-cp310-win_amd64.whl", hash = "sha256:b274c8240b30cccca70128051e767b498679040f29304b904e463249c06f37ab"},
    {file = "grpcio-1.52.0-cp311-cp311-linux_armv7l.whl", hash = "sha256:9cb42152c9880d340fc879ef86c9362014d029c1aac5629b1ff6b013e7722965"},
    {file = "grpcio-1.52.0-cp311-cp311-macosx_10_10_universal2.whl", hash = "sha256:fefbf58dd05b6aaf39dfe1df4a1464680b44496cc617083cb141ec18aac1d6d4"},
    {file = "grpcio-1.52.0-cp311-cp311-manylinux_2_17_i686.manylinux2014_i686.whl", hash = "sha256:0ed59aeb98cd95ba794d6fc77623f4bb340d1a362c0e156c086e942d21403d2a"},
    {file = "grpcio-1.52.0-cp311-cp311-manylinux_2_17_x86_64.manylinux2014_x86_64.whl", hash = "sha256:3c5553e5d881a733512cca25f810d746d7f405dcaddf0525bf99c8e7953c4ecd"},
    {file = "grpcio-1.52.0-cp311-cp311-musllinux_1_1_i686.whl", hash = "sha256:24fdf136bc0ccf85a3c0a572c3ea71957529299d4ec208eb1f2a1d06f2b17cf2"},
    {file = "grpcio-1.52.0-cp311-cp311-musllinux_1_1_x86_64.whl", hash = "sha256:bc7976baed22b87548bfd37defddb4344f4a9959bf3d276ae2cb624caa11c234"},
    {file = "grpcio-1.52.0-cp311-cp311-win32.whl", hash = "sha256:84edd2ae3c0e4ca320dfc79c24ea554e06faf1a21e5ebdb1441450dec702444e"},
    {file = "grpcio-1.52.0-cp311-cp311-win_amd64.whl", hash = "sha256:ae38c4f5e724fe85550714d56213a2eb4335a1a795bff88b3dbc75cfbc036ef2"},
    {file = "grpcio-1.52.0-cp37-cp37m-linux_armv7l.whl", hash = "sha256:10ac3d9cbc576642257c5bc674b3f6349ebcfd0ce198630423c4dedae4e545ec"},
    {file = "grpcio-1.52.0-cp37-cp37m-macosx_10_10_universal2.whl", hash = "sha256:e61683fd0a8a05ba788a067942c2bc73368cbf7836f0071268fc0abadc287dea"},
    {file = "grpcio-1.52.0-cp37-cp37m-manylinux_2_17_aarch64.whl", hash = "sha256:f290c80604a0fd0e202b4f76f3bc6eed6c0750e88525f91219ccb5cc99213fca"},
    {file = "grpcio-1.52.0-cp37-cp37m-manylinux_2_17_i686.manylinux2014_i686.whl", hash = "sha256:7bb4cae47cf9fe2bd51ddabb14f310dc35812c3676c8972006119a8b01050567"},
    {file = "grpcio-1.52.0-cp37-cp37m-manylinux_2_17_x86_64.manylinux2014_x86_64.whl", hash = "sha256:25175ed51891150e16bc63b69fb96db71b04080a17c09e83f750e118fa5b775a"},
    {file = "grpcio-1.52.0-cp37-cp37m-musllinux_1_1_i686.whl", hash = "sha256:d9e06472f59f585235ac51e4645f42a02a262fc7480fad13ede0b3c11cefa8a1"},
    {file = "grpcio-1.52.0-cp37-cp37m-musllinux_1_1_x86_64.whl", hash = "sha256:c073f4fdcbdac14fbb1b9c001222c76c446874a8ec6def028e72a746cc9cc20e"},
    {file = "grpcio-1.52.0-cp37-cp37m-win32.whl", hash = "sha256:acf13fabfb5d974e5c489c6fabe3037a6d8105030e9571cf7f8f6f92c49e734c"},
    {file = "grpcio-1.52.0-cp37-cp37m-win_amd64.whl", hash = "sha256:53406f1384406a66c18a9034265d0ad7eeafd3579da552c459bfa330ef43fcf8"},
    {file = "grpcio-1.52.0-cp38-cp38-linux_armv7l.whl", hash = "sha256:b49126b66bde56d90d970e9d091e26b600d345a8222f4214f732b30cf63756d9"},
    {file = "grpcio-1.52.0-cp38-cp38-macosx_10_10_universal2.whl", hash = "sha256:9b929fb9ee7ae082c7930aa58128138ab26f1c60e205b541f0a18975a74c2641"},
    {file = "grpcio-1.52.0-cp38-cp38-manylinux_2_17_aarch64.whl", hash = "sha256:434a693418dd706f6ba27d9b5ee5a6c7ee0302b197ac3e05e4080501a31b0b73"},
    {file = "grpcio-1.52.0-cp38-cp38-manylinux_2_17_i686.manylinux2014_i686.whl", hash = "sha256:d05eef8a94d74459582cd36dbc34aa6f2e0dcb4d59f08c8093b9728f0ccf694a"},
    {file = "grpcio-1.52.0-cp38-cp38-manylinux_2_17_x86_64.manylinux2014_x86_64.whl", hash = "sha256:6354bc9083a57b1c6e0cc87065733c356806fa8260ec055387a73d445cf5a1d6"},
    {file = "grpcio-1.52.0-cp38-cp38-musllinux_1_1_i686.whl", hash = "sha256:f34376ef75d7f70ad2c07fc7750a3293c034cce09aafc82fe7ae782542cce687"},
    {file = "grpcio-1.52.0-cp38-cp38-musllinux_1_1_x86_64.whl", hash = "sha256:2f86596763fe0c2077c7193c9d941d282b4bd7c086262e797e8d4290a3cfa9d5"},
    {file = "grpcio-1.52.0-cp38-cp38-win32.whl", hash = "sha256:d37b32f043f7f1a0d6512cabb0439e987a2c7f946e97c87fa4e26e46dfce8ef0"},
    {file = "grpcio-1.52.0-cp38-cp38-win_amd64.whl", hash = "sha256:92602fc9457f2957a9505a2e8d53e8382345494b32b551626723c4ead304c539"},
    {file = "grpcio-1.52.0-cp39-cp39-linux_armv7l.whl", hash = "sha256:486632391067cfa9acd0d58d76543fe26449d8d647ab5f24b24879f4fa45846b"},
    {file = "grpcio-1.52.0-cp39-cp39-macosx_10_10_universal2.whl", hash = "sha256:c73cfc5ef2193b2ab215576524e915bf38ed96b3557086e8e9d8c8ea43c9b02c"},
    {file = "grpcio-1.52.0-cp39-cp39-manylinux_2_17_aarch64.whl", hash = "sha256:3bbea65a62ab8a1bc3180aa24dd0d049216856a5c6b470b88769a47bc4b59d8a"},
    {file = "grpcio-1.52.0-cp39-cp39-manylinux_2_17_i686.manylinux2014_i686.whl", hash = "sha256:7128eaf3c789f7043cdecf7849efb9bb5dddc53f9f753f77613796bf6ea73515"},
    {file = "grpcio-1.52.0-cp39-cp39-manylinux_2_17_x86_64.manylinux2014_x86_64.whl", hash = "sha256:81cc7210dc4735200d81764ad8c3761845a6b95fad36d586fa10cc4f95dc3106"},
    {file = "grpcio-1.52.0-cp39-cp39-musllinux_1_1_i686.whl", hash = "sha256:2e85431a3f2970303d34596ae5bd6d07842255f897009b63b23d27b315b6ef69"},
    {file = "grpcio-1.52.0-cp39-cp39-musllinux_1_1_x86_64.whl", hash = "sha256:71e3185ac3425efc45e7999acba25dc5cc12a8abea46b2dd0f460c50df804974"},
    {file = "grpcio-1.52.0-cp39-cp39-win32.whl", hash = "sha256:44b326a7ffa56dd44168e067e076121d68a11eeccdcbcf804e9b9bd02e7bc6d8"},
    {file = "grpcio-1.52.0-cp39-cp39-win_amd64.whl", hash = "sha256:a6329dc693f0ac781219063c4b2c4bedc5519e280fe2f55ce6abc15b05a40d05"},
    {file = "grpcio-1.52.0.tar.gz", hash = "sha256:a5d4a83d29fc39af429c10b9b326c174fec49b73398e4a966a1f2a4f30aa4fdb"},
]

[package.extras]
protobuf = ["grpcio-tools (>=1.52.0)"]

[[package]]
name = "grpcio-tools"
version = "1.51.1"
description = "Protobuf code generator for gRPC"
category = "dev"
optional = false
python-versions = ">=3.7"
files = [
    {file = "grpcio-tools-1.51.1.tar.gz", hash = "sha256:8e62d23d3fed9d4f81738f98dd193dbd2e21aed4a8f0dd715e75b5439e649727"},
    {file = "grpcio_tools-1.51.1-cp310-cp310-linux_armv7l.whl", hash = "sha256:ecf1494cb695afead36995534f787761ee33fb9e116b23030113a37fe6057a83"},
    {file = "grpcio_tools-1.51.1-cp310-cp310-macosx_12_0_x86_64.whl", hash = "sha256:16b8b915625dc6eb2ea7efdfb06f1fae44a9066c9016453a2ca120c034f33090"},
    {file = "grpcio_tools-1.51.1-cp310-cp310-manylinux_2_17_aarch64.whl", hash = "sha256:d5e033c04b416afcddd5231b3ff94a34fb5d26fba2416eb940e69b05f22cfd25"},
    {file = "grpcio_tools-1.51.1-cp310-cp310-manylinux_2_17_i686.manylinux2014_i686.whl", hash = "sha256:0a218f64e667f3332b74080bdc5440aaf0fa6700ae07a0b54ecf085aaef2aa9f"},
    {file = "grpcio_tools-1.51.1-cp310-cp310-manylinux_2_17_x86_64.manylinux2014_x86_64.whl", hash = "sha256:d7b186183515ad6b8584ffe4bd820b72b00f6e7d121fb1c36294edeea9092313"},
    {file = "grpcio_tools-1.51.1-cp310-cp310-musllinux_1_1_i686.whl", hash = "sha256:ccd37165d7a3e93f460096a2eb62b7a9c1ebe5c424eaee42d8e92740d0c8f6bc"},
    {file = "grpcio_tools-1.51.1-cp310-cp310-musllinux_1_1_x86_64.whl", hash = "sha256:531586c5598a99658249f3c5e92826d6d2bb117abd6ffc88527d1e1d9eaef924"},
    {file = "grpcio_tools-1.51.1-cp310-cp310-win32.whl", hash = "sha256:392ad4cd004f7b843cf7d916d9a15b2d6585965bfef235be1c88d8f8649777e5"},
    {file = "grpcio_tools-1.51.1-cp310-cp310-win_amd64.whl", hash = "sha256:14e82c2b3ee7e300611c2c729d411b3b911e4cca5f4ec14787457a2fb72ff9d4"},
    {file = "grpcio_tools-1.51.1-cp311-cp311-linux_armv7l.whl", hash = "sha256:2281180490c475d09b7aa05dabafa5e09de9902176931e7295113f636c2b5360"},
    {file = "grpcio_tools-1.51.1-cp311-cp311-macosx_10_10_x86_64.whl", hash = "sha256:c4649af7f5d9553975ee66b6bfae20a84be779f13e163fa835e782961895e63c"},
    {file = "grpcio_tools-1.51.1-cp311-cp311-manylinux_2_17_i686.manylinux2014_i686.whl", hash = "sha256:f06bb0753b7cecbff154b523cfb8f45dee2c31b0a4c72bed7da44c57f1cba113"},
    {file = "grpcio_tools-1.51.1-cp311-cp311-manylinux_2_17_x86_64.manylinux2014_x86_64.whl", hash = "sha256:3a671466158ed74c07ee070fb940ed783acf59ba6e6e53cb4de8fd63819c6c7f"},
    {file = "grpcio_tools-1.51.1-cp311-cp311-musllinux_1_1_i686.whl", hash = "sha256:048793747339f327ea091d8f022c6756d89713d8080dffde5ce7380cc348ea8e"},
    {file = "grpcio_tools-1.51.1-cp311-cp311-musllinux_1_1_x86_64.whl", hash = "sha256:f6caf36e7752728329a28f93afec7c4ec9015fc1c6e4460bd1eb0f3737e1c55a"},
    {file = "grpcio_tools-1.51.1-cp311-cp311-win32.whl", hash = "sha256:67b304282cad38642587ebae68617e450e1ad4fa1c0c8b19e9e30274dbb32716"},
    {file = "grpcio_tools-1.51.1-cp311-cp311-win_amd64.whl", hash = "sha256:674b340f2f7bb2adbc3f15144bd37ce5ea83239f78b68dbbd0ea3cba00107e2b"},
    {file = "grpcio_tools-1.51.1-cp37-cp37m-linux_armv7l.whl", hash = "sha256:055819992ddd30c642a7fd6f344a03747be3afa95cb910f8a2e5efaabd41cde5"},
    {file = "grpcio_tools-1.51.1-cp37-cp37m-macosx_10_10_x86_64.whl", hash = "sha256:4e3249a2ec435b3b972610c66c8a714c188844500d564c910f57a2771dc61978"},
    {file = "grpcio_tools-1.51.1-cp37-cp37m-manylinux_2_17_aarch64.whl", hash = "sha256:794f26a09b70f4f101df5cf54c6c12dc1b65747ab1dee5bda02c2991389ade56"},
    {file = "grpcio_tools-1.51.1-cp37-cp37m-manylinux_2_17_i686.manylinux2014_i686.whl", hash = "sha256:4957f1ffa16598aa5379505fcbaeb47d65693a46b0817f4ee61db76707092aeb"},
    {file = "grpcio_tools-1.51.1-cp37-cp37m-manylinux_2_17_x86_64.manylinux2014_x86_64.whl", hash = "sha256:9906fb6bf6d9c30c23d85153f12d130f44325afe8f9ebe58aa7a6c82ecade9d8"},
    {file = "grpcio_tools-1.51.1-cp37-cp37m-musllinux_1_1_i686.whl", hash = "sha256:87bc5f3e3698c65907d397003c64d25c3ea84e3d6aa46dac133bd98bf66835ee"},
    {file = "grpcio_tools-1.51.1-cp37-cp37m-musllinux_1_1_x86_64.whl", hash = "sha256:a66b3a5d18a7615f0f828b72e2d2935751459c89cc4725e56bdfb3d2cd93281f"},
    {file = "grpcio_tools-1.51.1-cp37-cp37m-win32.whl", hash = "sha256:566809d9942e78821b279af70f3cf159a328127f9f3d5fee8d83ad8b2d27b2fe"},
    {file = "grpcio_tools-1.51.1-cp37-cp37m-win_amd64.whl", hash = "sha256:aab24a342642329de38139cb26f8492882ca0d8551bb87f6530bcc613945a0d0"},
    {file = "grpcio_tools-1.51.1-cp38-cp38-linux_armv7l.whl", hash = "sha256:6b83d7fc2597c6d392c225177d1fbbcff74900f8cc40b33236987fd1ff841330"},
    {file = "grpcio_tools-1.51.1-cp38-cp38-macosx_10_10_x86_64.whl", hash = "sha256:79c06d2577cb4d977922bbf01234de3b20f73d1784d3cbe3179deee1bdb9a60b"},
    {file = "grpcio_tools-1.51.1-cp38-cp38-manylinux_2_17_aarch64.whl", hash = "sha256:e9abc03d67793b1bf33dc766caa69a3333f9db029869ba6e8fc6cd9c251c0080"},
    {file = "grpcio_tools-1.51.1-cp38-cp38-manylinux_2_17_i686.manylinux2014_i686.whl", hash = "sha256:64d8ad369417759f5fdb8ffb7cbd6374fecc06ab51c9a226dee9bbd7d311c3b5"},
    {file = "grpcio_tools-1.51.1-cp38-cp38-manylinux_2_17_x86_64.manylinux2014_x86_64.whl", hash = "sha256:de51a0a71845b854f6a5967756c893c96bd03e37f39e5dce87b4f409dac36ee2"},
    {file = "grpcio_tools-1.51.1-cp38-cp38-musllinux_1_1_i686.whl", hash = "sha256:9dfe6c12b0e2c07f6a4a91a9912ef4e5bd007672533891a44e6f433ffbf7c3b1"},
    {file = "grpcio_tools-1.51.1-cp38-cp38-musllinux_1_1_x86_64.whl", hash = "sha256:27113b354f7587684eb55125733e6e5be1f489458abfe12344dabd918d8dcc54"},
    {file = "grpcio_tools-1.51.1-cp38-cp38-win32.whl", hash = "sha256:98777b5031f1b3c58b688815ffa83435c103b2152c26eb144f80f4a4bb34addb"},
    {file = "grpcio_tools-1.51.1-cp38-cp38-win_amd64.whl", hash = "sha256:1c44b57a6770b78a1eafe355878ff1ec59a2fa07455a2cbd522c071eedae04d4"},
    {file = "grpcio_tools-1.51.1-cp39-cp39-linux_armv7l.whl", hash = "sha256:49624394805568acd7d767dea5a00d970fca5ad8f395fe0161eeea0de5133eba"},
    {file = "grpcio_tools-1.51.1-cp39-cp39-macosx_10_10_x86_64.whl", hash = "sha256:6d6626a6e4dbe843df96dc8c08dd244d2191a75324f54bfa4ebaa3e76b0b1958"},
    {file = "grpcio_tools-1.51.1-cp39-cp39-manylinux_2_17_aarch64.whl", hash = "sha256:b4fb8ed6d29f2d6cf03ef99ffaad635bbc132a59be77013691392fe557e67144"},
    {file = "grpcio_tools-1.51.1-cp39-cp39-manylinux_2_17_i686.manylinux2014_i686.whl", hash = "sha256:d8cc862a1ad30f94528d66cc6f95fb9e659005e568313e54a23550535b649573"},
    {file = "grpcio_tools-1.51.1-cp39-cp39-manylinux_2_17_x86_64.manylinux2014_x86_64.whl", hash = "sha256:6e72a30be1746ea0749a8486d0ca0120c0b2757fe84fc246a5144b1ef66d7b89"},
    {file = "grpcio_tools-1.51.1-cp39-cp39-musllinux_1_1_i686.whl", hash = "sha256:331a897306adeec3c67470431ea8d8b4972b689d32966f94506d91f4dac20952"},
    {file = "grpcio_tools-1.51.1-cp39-cp39-musllinux_1_1_x86_64.whl", hash = "sha256:f336ad9be661d92fa45940e74e8ff3d78e67ebe9b4f7ea8774b2d680c17aeb6c"},
    {file = "grpcio_tools-1.51.1-cp39-cp39-win32.whl", hash = "sha256:40ef70e8c5d0310dedff9af502b520b4c7e215bce94094527fb959150a0c594a"},
    {file = "grpcio_tools-1.51.1-cp39-cp39-win_amd64.whl", hash = "sha256:15b8acf4eaa0ebe37e2f69108de49efd935b7abe9c7e58ba737490b99906aa76"},
]

[package.dependencies]
grpcio = ">=1.51.1"
protobuf = ">=4.21.6,<5.0dev"
setuptools = "*"

[[package]]
name = "iniconfig"
version = "1.1.1"
description = "iniconfig: brain-dead simple config-ini parsing"
category = "dev"
optional = false
python-versions = "*"
files = [
    {file = "iniconfig-1.1.1-py2.py3-none-any.whl", hash = "sha256:011e24c64b7f47f6ebd835bb12a743f2fbe9a26d4cecaa7f53bc4f35ee9da8b3"},
    {file = "iniconfig-1.1.1.tar.gz", hash = "sha256:bc3af051d7d14b2ee5ef9969666def0cd1a000e121eaea580d4a313df4b37f32"},
]

[[package]]
name = "isort"
version = "5.12.0"
description = "A Python utility / library to sort Python imports."
category = "dev"
optional = false
python-versions = ">=3.8.0"
files = [
    {file = "isort-5.12.0-py3-none-any.whl", hash = "sha256:f84c2818376e66cf843d497486ea8fed8700b340f308f076c6fb1229dff318b6"},
    {file = "isort-5.12.0.tar.gz", hash = "sha256:8bef7dde241278824a6d83f44a544709b065191b95b6e50894bdc722fcba0504"},
]

[package.extras]
colors = ["colorama (>=0.4.3)"]
pipfile-deprecated-finder = ["pip-shims (>=0.5.2)", "pipreqs", "requirementslib"]
plugins = ["setuptools"]
requirements-deprecated-finder = ["pip-api", "pipreqs"]

[[package]]
name = "mccabe"
version = "0.7.0"
description = "McCabe checker, plugin for flake8"
category = "dev"
optional = false
python-versions = ">=3.6"
files = [
    {file = "mccabe-0.7.0-py2.py3-none-any.whl", hash = "sha256:6c2d30ab6be0e4a46919781807b4f0d834ebdd6c6e3dca0bda5a15f863427b6e"},
    {file = "mccabe-0.7.0.tar.gz", hash = "sha256:348e0240c33b60bbdf4e523192ef919f28cb2c3d7d5c7794f74009290f236325"},
]

[[package]]
name = "mypy"
version = "0.982"
description = "Optional static typing for Python"
category = "dev"
optional = false
python-versions = ">=3.7"
files = [
    {file = "mypy-0.982-cp310-cp310-macosx_10_9_universal2.whl", hash = "sha256:5085e6f442003fa915aeb0a46d4da58128da69325d8213b4b35cc7054090aed5"},
    {file = "mypy-0.982-cp310-cp310-macosx_10_9_x86_64.whl", hash = "sha256:41fd1cf9bc0e1c19b9af13a6580ccb66c381a5ee2cf63ee5ebab747a4badeba3"},
    {file = "mypy-0.982-cp310-cp310-macosx_11_0_arm64.whl", hash = "sha256:f793e3dd95e166b66d50e7b63e69e58e88643d80a3dcc3bcd81368e0478b089c"},
    {file = "mypy-0.982-cp310-cp310-manylinux_2_17_x86_64.manylinux2014_x86_64.whl", hash = "sha256:86ebe67adf4d021b28c3f547da6aa2cce660b57f0432617af2cca932d4d378a6"},
    {file = "mypy-0.982-cp310-cp310-musllinux_1_1_x86_64.whl", hash = "sha256:175f292f649a3af7082fe36620369ffc4661a71005aa9f8297ea473df5772046"},
    {file = "mypy-0.982-cp310-cp310-win_amd64.whl", hash = "sha256:8ee8c2472e96beb1045e9081de8e92f295b89ac10c4109afdf3a23ad6e644f3e"},
    {file = "mypy-0.982-cp37-cp37m-macosx_10_9_x86_64.whl", hash = "sha256:58f27ebafe726a8e5ccb58d896451dd9a662a511a3188ff6a8a6a919142ecc20"},
    {file = "mypy-0.982-cp37-cp37m-manylinux_2_17_x86_64.manylinux2014_x86_64.whl", hash = "sha256:d6af646bd46f10d53834a8e8983e130e47d8ab2d4b7a97363e35b24e1d588947"},
    {file = "mypy-0.982-cp37-cp37m-musllinux_1_1_x86_64.whl", hash = "sha256:e7aeaa763c7ab86d5b66ff27f68493d672e44c8099af636d433a7f3fa5596d40"},
    {file = "mypy-0.982-cp37-cp37m-win_amd64.whl", hash = "sha256:724d36be56444f569c20a629d1d4ee0cb0ad666078d59bb84f8f887952511ca1"},
    {file = "mypy-0.982-cp38-cp38-macosx_10_9_universal2.whl", hash = "sha256:14d53cdd4cf93765aa747a7399f0961a365bcddf7855d9cef6306fa41de01c24"},
    {file = "mypy-0.982-cp38-cp38-macosx_10_9_x86_64.whl", hash = "sha256:26ae64555d480ad4b32a267d10cab7aec92ff44de35a7cd95b2b7cb8e64ebe3e"},
    {file = "mypy-0.982-cp38-cp38-macosx_11_0_arm64.whl", hash = "sha256:6389af3e204975d6658de4fb8ac16f58c14e1bacc6142fee86d1b5b26aa52bda"},
    {file = "mypy-0.982-cp38-cp38-manylinux_2_17_x86_64.manylinux2014_x86_64.whl", hash = "sha256:7b35ce03a289480d6544aac85fa3674f493f323d80ea7226410ed065cd46f206"},
    {file = "mypy-0.982-cp38-cp38-musllinux_1_1_x86_64.whl", hash = "sha256:c6e564f035d25c99fd2b863e13049744d96bd1947e3d3d2f16f5828864506763"},
    {file = "mypy-0.982-cp38-cp38-win_amd64.whl", hash = "sha256:cebca7fd333f90b61b3ef7f217ff75ce2e287482206ef4a8b18f32b49927b1a2"},
    {file = "mypy-0.982-cp39-cp39-macosx_10_9_universal2.whl", hash = "sha256:a705a93670c8b74769496280d2fe6cd59961506c64f329bb179970ff1d24f9f8"},
    {file = "mypy-0.982-cp39-cp39-macosx_10_9_x86_64.whl", hash = "sha256:75838c649290d83a2b83a88288c1eb60fe7a05b36d46cbea9d22efc790002146"},
    {file = "mypy-0.982-cp39-cp39-macosx_11_0_arm64.whl", hash = "sha256:91781eff1f3f2607519c8b0e8518aad8498af1419e8442d5d0afb108059881fc"},
    {file = "mypy-0.982-cp39-cp39-manylinux_2_17_x86_64.manylinux2014_x86_64.whl", hash = "sha256:eaa97b9ddd1dd9901a22a879491dbb951b5dec75c3b90032e2baa7336777363b"},
    {file = "mypy-0.982-cp39-cp39-musllinux_1_1_x86_64.whl", hash = "sha256:a692a8e7d07abe5f4b2dd32d731812a0175626a90a223d4b58f10f458747dd8a"},
    {file = "mypy-0.982-cp39-cp39-win_amd64.whl", hash = "sha256:eb7a068e503be3543c4bd329c994103874fa543c1727ba5288393c21d912d795"},
    {file = "mypy-0.982-py3-none-any.whl", hash = "sha256:1021c241e8b6e1ca5a47e4d52601274ac078a89845cfde66c6d5f769819ffa1d"},
    {file = "mypy-0.982.tar.gz", hash = "sha256:85f7a343542dc8b1ed0a888cdd34dca56462654ef23aa673907305b260b3d746"},
]

[package.dependencies]
mypy-extensions = ">=0.4.3"
tomli = {version = ">=1.1.0", markers = "python_version < \"3.11\""}
typing-extensions = ">=3.10"

[package.extras]
dmypy = ["psutil (>=4.0)"]
python2 = ["typed-ast (>=1.4.0,<2)"]
reports = ["lxml"]

[[package]]
name = "mypy-extensions"
version = "0.4.3"
description = "Experimental type system extensions for programs checked with the mypy typechecker."
category = "dev"
optional = false
python-versions = "*"
files = [
    {file = "mypy_extensions-0.4.3-py2.py3-none-any.whl", hash = "sha256:090fedd75945a69ae91ce1303b5824f428daf5a028d2f6ab8a299250a846f15d"},
    {file = "mypy_extensions-0.4.3.tar.gz", hash = "sha256:2d82818f5bb3e369420cb3c4060a7970edba416647068eb4c5343488a6c604a8"},
]

[[package]]
name = "mypy-protobuf"
version = "3.4.0"
description = "Generate mypy stub files from protobuf specs"
category = "dev"
optional = false
python-versions = ">=3.7"
files = [
    {file = "mypy-protobuf-3.4.0.tar.gz", hash = "sha256:7d75a079651b105076776a35a5405e3fa773b8a167118f1b712e443e9a6c18a2"},
    {file = "mypy_protobuf-3.4.0-py3-none-any.whl", hash = "sha256:da33dfde7547ff57e5ba5564126cbfa114f14413b2fa50759b1fa5de1e4ab511"},
]

[package.dependencies]
protobuf = ">=4.21.8"
types-protobuf = ">=3.20.4"

[[package]]
name = "packaging"
version = "21.3"
description = "Core utilities for Python packages"
category = "dev"
optional = false
python-versions = ">=3.6"
files = [
    {file = "packaging-21.3-py3-none-any.whl", hash = "sha256:ef103e05f519cdc783ae24ea4e2e0f508a9c99b2d4969652eed6a2e1ea5bd522"},
    {file = "packaging-21.3.tar.gz", hash = "sha256:dd47c42927d89ab911e606518907cc2d3a1f38bbd026385970643f9c5b8ecfeb"},
]

[package.dependencies]
pyparsing = ">=2.0.2,<3.0.5 || >3.0.5"

[[package]]
name = "pathspec"
version = "0.10.1"
description = "Utility library for gitignore style pattern matching of file paths."
category = "dev"
optional = false
python-versions = ">=3.7"
files = [
    {file = "pathspec-0.10.1-py3-none-any.whl", hash = "sha256:46846318467efc4556ccfd27816e004270a9eeeeb4d062ce5e6fc7a87c573f93"},
    {file = "pathspec-0.10.1.tar.gz", hash = "sha256:7ace6161b621d31e7902eb6b5ae148d12cfd23f4a249b9ffb6b9fee12084323d"},
]

[[package]]
name = "platformdirs"
version = "2.5.2"
description = "A small Python module for determining appropriate platform-specific dirs, e.g. a \"user data dir\"."
category = "dev"
optional = false
python-versions = ">=3.7"
files = [
    {file = "platformdirs-2.5.2-py3-none-any.whl", hash = "sha256:027d8e83a2d7de06bbac4e5ef7e023c02b863d7ea5d079477e722bb41ab25788"},
    {file = "platformdirs-2.5.2.tar.gz", hash = "sha256:58c8abb07dcb441e6ee4b11d8df0ac856038f944ab98b7be6b27b2a3c7feef19"},
]

[package.extras]
docs = ["furo (>=2021.7.5b38)", "proselint (>=0.10.2)", "sphinx (>=4)", "sphinx-autodoc-typehints (>=1.12)"]
test = ["appdirs (==1.4.4)", "pytest (>=6)", "pytest-cov (>=2.7)", "pytest-mock (>=3.6)"]

[[package]]
name = "pluggy"
version = "1.0.0"
description = "plugin and hook calling mechanisms for python"
category = "dev"
optional = false
python-versions = ">=3.6"
files = [
    {file = "pluggy-1.0.0-py2.py3-none-any.whl", hash = "sha256:74134bbf457f031a36d68416e1509f34bd5ccc019f0bcc952c7b909d06b37bd3"},
    {file = "pluggy-1.0.0.tar.gz", hash = "sha256:4224373bacce55f955a878bf9cfa763c1e360858e330072059e10bad68531159"},
]

[package.extras]
dev = ["pre-commit", "tox"]
testing = ["pytest", "pytest-benchmark"]

[[package]]
name = "protobuf"
version = "4.21.12"
description = ""
category = "main"
optional = false
python-versions = ">=3.7"
files = [
    {file = "protobuf-4.21.12-cp310-abi3-win32.whl", hash = "sha256:b135410244ebe777db80298297a97fbb4c862c881b4403b71bac9d4107d61fd1"},
    {file = "protobuf-4.21.12-cp310-abi3-win_amd64.whl", hash = "sha256:89f9149e4a0169cddfc44c74f230d7743002e3aa0b9472d8c28f0388102fc4c2"},
    {file = "protobuf-4.21.12-cp37-abi3-macosx_10_9_universal2.whl", hash = "sha256:299ea899484ee6f44604deb71f424234f654606b983cb496ea2a53e3c63ab791"},
    {file = "protobuf-4.21.12-cp37-abi3-manylinux2014_aarch64.whl", hash = "sha256:d1736130bce8cf131ac7957fa26880ca19227d4ad68b4888b3be0dea1f95df97"},
    {file = "protobuf-4.21.12-cp37-abi3-manylinux2014_x86_64.whl", hash = "sha256:78a28c9fa223998472886c77042e9b9afb6fe4242bd2a2a5aced88e3f4422aa7"},
    {file = "protobuf-4.21.12-cp37-cp37m-win32.whl", hash = "sha256:3d164928ff0727d97022957c2b849250ca0e64777ee31efd7d6de2e07c494717"},
    {file = "protobuf-4.21.12-cp37-cp37m-win_amd64.whl", hash = "sha256:f45460f9ee70a0ec1b6694c6e4e348ad2019275680bd68a1d9314b8c7e01e574"},
    {file = "protobuf-4.21.12-cp38-cp38-win32.whl", hash = "sha256:6ab80df09e3208f742c98443b6166bcb70d65f52cfeb67357d52032ea1ae9bec"},
    {file = "protobuf-4.21.12-cp38-cp38-win_amd64.whl", hash = "sha256:1f22ac0ca65bb70a876060d96d914dae09ac98d114294f77584b0d2644fa9c30"},
    {file = "protobuf-4.21.12-cp39-cp39-win32.whl", hash = "sha256:27f4d15021da6d2b706ddc3860fac0a5ddaba34ab679dc182b60a8bb4e1121cc"},
    {file = "protobuf-4.21.12-cp39-cp39-win_amd64.whl", hash = "sha256:237216c3326d46808a9f7c26fd1bd4b20015fb6867dc5d263a493ef9a539293b"},
    {file = "protobuf-4.21.12-py2.py3-none-any.whl", hash = "sha256:a53fd3f03e578553623272dc46ac2f189de23862e68565e83dde203d41b76fc5"},
    {file = "protobuf-4.21.12-py3-none-any.whl", hash = "sha256:b98d0148f84e3a3c569e19f52103ca1feacdac0d2df8d6533cf983d1fda28462"},
    {file = "protobuf-4.21.12.tar.gz", hash = "sha256:7cd532c4566d0e6feafecc1059d04c7915aec8e182d1cf7adee8b24ef1e2e6ab"},
]

[[package]]
name = "pycodestyle"
version = "2.9.1"
description = "Python style guide checker"
category = "dev"
optional = false
python-versions = ">=3.6"
files = [
    {file = "pycodestyle-2.9.1-py2.py3-none-any.whl", hash = "sha256:d1735fc58b418fd7c5f658d28d943854f8a849b01a5d0a1e6f3f3fdd0166804b"},
    {file = "pycodestyle-2.9.1.tar.gz", hash = "sha256:2c9607871d58c76354b697b42f5d57e1ada7d261c261efac224b664affdc5785"},
]

[[package]]
name = "pyflakes"
version = "2.5.0"
description = "passive checker of Python programs"
category = "dev"
optional = false
python-versions = ">=3.6"
files = [
    {file = "pyflakes-2.5.0-py2.py3-none-any.whl", hash = "sha256:4579f67d887f804e67edb544428f264b7b24f435b263c4614f384135cea553d2"},
    {file = "pyflakes-2.5.0.tar.gz", hash = "sha256:491feb020dca48ccc562a8c0cbe8df07ee13078df59813b83959cbdada312ea3"},
]

[[package]]
name = "pyparsing"
version = "3.0.9"
description = "pyparsing module - Classes and methods to define and execute parsing grammars"
category = "dev"
optional = false
python-versions = ">=3.6.8"
files = [
    {file = "pyparsing-3.0.9-py3-none-any.whl", hash = "sha256:5026bae9a10eeaefb61dab2f09052b9f4307d44aee4eda64b309723d8d206bbc"},
    {file = "pyparsing-3.0.9.tar.gz", hash = "sha256:2b020ecf7d21b687f219b71ecad3631f644a47f01403fa1d1036b0c6416d70fb"},
]

[package.extras]
diagrams = ["jinja2", "railroad-diagrams"]

[[package]]
name = "pytest"
version = "7.2.1"
description = "pytest: simple powerful testing with Python"
category = "dev"
optional = false
python-versions = ">=3.7"
files = [
    {file = "pytest-7.2.1-py3-none-any.whl", hash = "sha256:c7c6ca206e93355074ae32f7403e8ea12163b1163c976fee7d4d84027c162be5"},
    {file = "pytest-7.2.1.tar.gz", hash = "sha256:d45e0952f3727241918b8fd0f376f5ff6b301cc0777c6f9a556935c92d8a7d42"},
]

[package.dependencies]
attrs = ">=19.2.0"
colorama = {version = "*", markers = "sys_platform == \"win32\""}
exceptiongroup = {version = ">=1.0.0rc8", markers = "python_version < \"3.11\""}
iniconfig = "*"
packaging = "*"
pluggy = ">=0.12,<2.0"
tomli = {version = ">=1.0.0", markers = "python_version < \"3.11\""}

[package.extras]
testing = ["argcomplete", "hypothesis (>=3.56)", "mock", "nose", "pygments (>=2.7.2)", "requests", "xmlschema"]

[[package]]
name = "pytest-asyncio"
version = "0.19.0"
description = "Pytest support for asyncio"
category = "dev"
optional = false
python-versions = ">=3.7"
files = [
    {file = "pytest-asyncio-0.19.0.tar.gz", hash = "sha256:ac4ebf3b6207259750bc32f4c1d8fcd7e79739edbc67ad0c58dd150b1d072fed"},
    {file = "pytest_asyncio-0.19.0-py3-none-any.whl", hash = "sha256:7a97e37cfe1ed296e2e84941384bdd37c376453912d397ed39293e0916f521fa"},
]

[package.dependencies]
pytest = ">=6.1.0"

[package.extras]
testing = ["coverage (>=6.2)", "flaky (>=3.5.0)", "hypothesis (>=5.7.1)", "mypy (>=0.931)", "pytest-trio (>=0.7.0)"]

[[package]]
name = "pytest-cov"
version = "4.0.0"
description = "Pytest plugin for measuring coverage."
category = "dev"
optional = false
python-versions = ">=3.6"
files = [
    {file = "pytest-cov-4.0.0.tar.gz", hash = "sha256:996b79efde6433cdbd0088872dbc5fb3ed7fe1578b68cdbba634f14bb8dd0470"},
    {file = "pytest_cov-4.0.0-py3-none-any.whl", hash = "sha256:2feb1b751d66a8bd934e5edfa2e961d11309dc37b73b0eabe73b5945fee20f6b"},
]

[package.dependencies]
coverage = {version = ">=5.2.1", extras = ["toml"]}
pytest = ">=4.6"

[package.extras]
testing = ["fields", "hunter", "process-tests", "pytest-xdist", "six", "virtualenv"]

[[package]]
name = "setuptools"
version = "65.5.1"
description = "Easily download, build, install, upgrade, and uninstall Python packages"
category = "dev"
optional = false
python-versions = ">=3.7"
files = [
    {file = "setuptools-65.5.1-py3-none-any.whl", hash = "sha256:d0b9a8433464d5800cbe05094acf5c6d52a91bfac9b52bcfc4d41382be5d5d31"},
    {file = "setuptools-65.5.1.tar.gz", hash = "sha256:e197a19aa8ec9722928f2206f8de752def0e4c9fc6953527360d1c36d94ddb2f"},
]

[package.extras]
docs = ["furo", "jaraco.packaging (>=9)", "jaraco.tidelift (>=1.4)", "pygments-github-lexers (==0.0.5)", "rst.linker (>=1.9)", "sphinx (>=3.5)", "sphinx-favicon", "sphinx-hoverxref (<2)", "sphinx-inline-tabs", "sphinx-notfound-page (==0.8.3)", "sphinx-reredirects", "sphinxcontrib-towncrier"]
testing = ["build[virtualenv]", "filelock (>=3.4.0)", "flake8 (<5)", "flake8-2020", "ini2toml[lite] (>=0.9)", "jaraco.envs (>=2.2)", "jaraco.path (>=3.2.0)", "pip (>=19.1)", "pip-run (>=8.8)", "pytest (>=6)", "pytest-black (>=0.3.7)", "pytest-checkdocs (>=2.4)", "pytest-cov", "pytest-enabler (>=1.3)", "pytest-flake8", "pytest-mypy (>=0.9.1)", "pytest-perf", "pytest-timeout", "pytest-xdist", "tomli-w (>=1.0.0)", "virtualenv (>=13.0.0)", "wheel"]
testing-integration = ["build[virtualenv]", "filelock (>=3.4.0)", "jaraco.envs (>=2.2)", "jaraco.path (>=3.2.0)", "pytest", "pytest-enabler", "pytest-xdist", "tomli", "virtualenv (>=13.0.0)", "wheel"]

[[package]]
name = "tomli"
version = "2.0.1"
description = "A lil' TOML parser"
category = "dev"
optional = false
python-versions = ">=3.7"
files = [
    {file = "tomli-2.0.1-py3-none-any.whl", hash = "sha256:939de3e7a6161af0c887ef91b7d41a53e7c5a1ca976325f429cb46ea9bc30ecc"},
    {file = "tomli-2.0.1.tar.gz", hash = "sha256:de526c12914f0c550d15924c62d72abc48d6fe7364aa87328337a31007fe8a4f"},
]

[[package]]
name = "types-protobuf"
version = "3.20.4.2"
description = "Typing stubs for protobuf"
category = "dev"
optional = false
python-versions = "*"
files = [
    {file = "types-protobuf-3.20.4.2.tar.gz", hash = "sha256:fd65ab8502f9a08e089f2cad26d52fab04cd57322cf896c570ab3391ca760bae"},
    {file = "types_protobuf-3.20.4.2-py3-none-any.whl", hash = "sha256:329bec368fd11a8cb95192b33aa61e59e0b30f659ec14be75301c651026c4cc1"},
]

[[package]]
name = "typing-extensions"
version = "4.4.0"
description = "Backported and Experimental Type Hints for Python 3.7+"
category = "dev"
optional = false
python-versions = ">=3.7"
files = [
    {file = "typing_extensions-4.4.0-py3-none-any.whl", hash = "sha256:16fa4864408f655d35ec496218b85f79b3437c829e93320c7c9215ccfd92489e"},
    {file = "typing_extensions-4.4.0.tar.gz", hash = "sha256:1511434bb92bf8dd198c12b1cc812e800d4181cfcb867674e0f8279cc93087aa"},
]

[metadata]
lock-version = "2.0"
python-versions = ">=3.9,<4.0"
content-hash = "ce94ed61d84678b2ea875b16c6a7bf5276caae6c76d739cb96580a8c641f95b1"
