# This file is automatically @generated by Poetry 1.6.1 and should not be changed by hand.

[[package]]
name = "black"
version = "23.11.0"
description = "The uncompromising code formatter."
optional = false
python-versions = ">=3.8"
files = [
    {file = "black-23.11.0-cp310-cp310-macosx_10_9_x86_64.whl", hash = "sha256:dbea0bb8575c6b6303cc65017b46351dc5953eea5c0a59d7b7e3a2d2f433a911"},
    {file = "black-23.11.0-cp310-cp310-macosx_11_0_arm64.whl", hash = "sha256:412f56bab20ac85927f3a959230331de5614aecda1ede14b373083f62ec24e6f"},
    {file = "black-23.11.0-cp310-cp310-manylinux_2_17_x86_64.manylinux2014_x86_64.whl", hash = "sha256:d136ef5b418c81660ad847efe0e55c58c8208b77a57a28a503a5f345ccf01394"},
    {file = "black-23.11.0-cp310-cp310-win_amd64.whl", hash = "sha256:6c1cac07e64433f646a9a838cdc00c9768b3c362805afc3fce341af0e6a9ae9f"},
    {file = "black-23.11.0-cp311-cp311-macosx_10_9_x86_64.whl", hash = "sha256:cf57719e581cfd48c4efe28543fea3d139c6b6f1238b3f0102a9c73992cbb479"},
    {file = "black-23.11.0-cp311-cp311-macosx_11_0_arm64.whl", hash = "sha256:698c1e0d5c43354ec5d6f4d914d0d553a9ada56c85415700b81dc90125aac244"},
    {file = "black-23.11.0-cp311-cp311-manylinux_2_17_x86_64.manylinux2014_x86_64.whl", hash = "sha256:760415ccc20f9e8747084169110ef75d545f3b0932ee21368f63ac0fee86b221"},
    {file = "black-23.11.0-cp311-cp311-win_amd64.whl", hash = "sha256:58e5f4d08a205b11800332920e285bd25e1a75c54953e05502052738fe16b3b5"},
    {file = "black-23.11.0-cp38-cp38-macosx_10_9_x86_64.whl", hash = "sha256:45aa1d4675964946e53ab81aeec7a37613c1cb71647b5394779e6efb79d6d187"},
    {file = "black-23.11.0-cp38-cp38-macosx_11_0_arm64.whl", hash = "sha256:4c44b7211a3a0570cc097e81135faa5f261264f4dfaa22bd5ee2875a4e773bd6"},
    {file = "black-23.11.0-cp38-cp38-manylinux_2_17_x86_64.manylinux2014_x86_64.whl", hash = "sha256:2a9acad1451632021ee0d146c8765782a0c3846e0e0ea46659d7c4f89d9b212b"},
    {file = "black-23.11.0-cp38-cp38-win_amd64.whl", hash = "sha256:fc7f6a44d52747e65a02558e1d807c82df1d66ffa80a601862040a43ec2e3142"},
    {file = "black-23.11.0-cp39-cp39-macosx_10_9_x86_64.whl", hash = "sha256:7f622b6822f02bfaf2a5cd31fdb7cd86fcf33dab6ced5185c35f5db98260b055"},
    {file = "black-23.11.0-cp39-cp39-macosx_11_0_arm64.whl", hash = "sha256:250d7e60f323fcfc8ea6c800d5eba12f7967400eb6c2d21ae85ad31c204fb1f4"},
    {file = "black-23.11.0-cp39-cp39-manylinux_2_17_x86_64.manylinux2014_x86_64.whl", hash = "sha256:5133f5507007ba08d8b7b263c7aa0f931af5ba88a29beacc4b2dc23fcefe9c06"},
    {file = "black-23.11.0-cp39-cp39-win_amd64.whl", hash = "sha256:421f3e44aa67138ab1b9bfbc22ee3780b22fa5b291e4db8ab7eee95200726b07"},
    {file = "black-23.11.0-py3-none-any.whl", hash = "sha256:54caaa703227c6e0c87b76326d0862184729a69b73d3b7305b6288e1d830067e"},
    {file = "black-23.11.0.tar.gz", hash = "sha256:4c68855825ff432d197229846f971bc4d6666ce90492e5b02013bcaca4d9ab05"},
]

[package.dependencies]
click = ">=8.0.0"
mypy-extensions = ">=0.4.3"
packaging = ">=22.0"
pathspec = ">=0.9.0"
platformdirs = ">=2"
tomli = {version = ">=1.1.0", markers = "python_version < \"3.11\""}
typing-extensions = {version = ">=4.0.1", markers = "python_version < \"3.11\""}

[package.extras]
colorama = ["colorama (>=0.4.3)"]
d = ["aiohttp (>=3.7.4)"]
jupyter = ["ipython (>=7.8.0)", "tokenize-rt (>=3.2.0)"]
uvloop = ["uvloop (>=0.15.2)"]

[[package]]
name = "click"
version = "8.1.7"
description = "Composable command line interface toolkit"
optional = false
python-versions = ">=3.7"
files = [
    {file = "click-8.1.7-py3-none-any.whl", hash = "sha256:ae74fb96c20a0277a1d615f1e4d73c8414f5a98db8b799a7931d1582f3390c28"},
    {file = "click-8.1.7.tar.gz", hash = "sha256:ca9853ad459e787e2192211578cc907e7594e294c7ccc834310722b41b9ca6de"},
]

[package.dependencies]
colorama = {version = "*", markers = "platform_system == \"Windows\""}

[[package]]
name = "colorama"
version = "0.4.6"
description = "Cross-platform colored terminal text."
optional = false
python-versions = "!=3.0.*,!=3.1.*,!=3.2.*,!=3.3.*,!=3.4.*,!=3.5.*,!=3.6.*,>=2.7"
files = [
    {file = "colorama-0.4.6-py2.py3-none-any.whl", hash = "sha256:4f1d9991f5acc0ca119f9d443620b77f9d6b33703e51011c16baf57afb285fc6"},
    {file = "colorama-0.4.6.tar.gz", hash = "sha256:08695f5cb7ed6e0531a20572697297273c47b8cae5a63ffc6d6ed5c201be6e44"},
]

[[package]]
name = "coverage"
version = "7.3.2"
description = "Code coverage measurement for Python"
optional = false
python-versions = ">=3.8"
files = [
    {file = "coverage-7.3.2-cp310-cp310-macosx_10_9_x86_64.whl", hash = "sha256:d872145f3a3231a5f20fd48500274d7df222e291d90baa2026cc5152b7ce86bf"},
    {file = "coverage-7.3.2-cp310-cp310-macosx_11_0_arm64.whl", hash = "sha256:310b3bb9c91ea66d59c53fa4989f57d2436e08f18fb2f421a1b0b6b8cc7fffda"},
    {file = "coverage-7.3.2-cp310-cp310-manylinux_2_17_aarch64.manylinux2014_aarch64.whl", hash = "sha256:f47d39359e2c3779c5331fc740cf4bce6d9d680a7b4b4ead97056a0ae07cb49a"},
    {file = "coverage-7.3.2-cp310-cp310-manylinux_2_5_i686.manylinux1_i686.manylinux_2_17_i686.manylinux2014_i686.whl", hash = "sha256:aa72dbaf2c2068404b9870d93436e6d23addd8bbe9295f49cbca83f6e278179c"},
    {file = "coverage-7.3.2-cp310-cp310-manylinux_2_5_x86_64.manylinux1_x86_64.manylinux_2_17_x86_64.manylinux2014_x86_64.whl", hash = "sha256:beaa5c1b4777f03fc63dfd2a6bd820f73f036bfb10e925fce067b00a340d0f3f"},
    {file = "coverage-7.3.2-cp310-cp310-musllinux_1_1_aarch64.whl", hash = "sha256:dbc1b46b92186cc8074fee9d9fbb97a9dd06c6cbbef391c2f59d80eabdf0faa6"},
    {file = "coverage-7.3.2-cp310-cp310-musllinux_1_1_i686.whl", hash = "sha256:315a989e861031334d7bee1f9113c8770472db2ac484e5b8c3173428360a9148"},
    {file = "coverage-7.3.2-cp310-cp310-musllinux_1_1_x86_64.whl", hash = "sha256:d1bc430677773397f64a5c88cb522ea43175ff16f8bfcc89d467d974cb2274f9"},
    {file = "coverage-7.3.2-cp310-cp310-win32.whl", hash = "sha256:a889ae02f43aa45032afe364c8ae84ad3c54828c2faa44f3bfcafecb5c96b02f"},
    {file = "coverage-7.3.2-cp310-cp310-win_amd64.whl", hash = "sha256:c0ba320de3fb8c6ec16e0be17ee1d3d69adcda99406c43c0409cb5c41788a611"},
    {file = "coverage-7.3.2-cp311-cp311-macosx_10_9_x86_64.whl", hash = "sha256:ac8c802fa29843a72d32ec56d0ca792ad15a302b28ca6203389afe21f8fa062c"},
    {file = "coverage-7.3.2-cp311-cp311-macosx_11_0_arm64.whl", hash = "sha256:89a937174104339e3a3ffcf9f446c00e3a806c28b1841c63edb2b369310fd074"},
    {file = "coverage-7.3.2-cp311-cp311-manylinux_2_17_aarch64.manylinux2014_aarch64.whl", hash = "sha256:e267e9e2b574a176ddb983399dec325a80dbe161f1a32715c780b5d14b5f583a"},
    {file = "coverage-7.3.2-cp311-cp311-manylinux_2_5_i686.manylinux1_i686.manylinux_2_17_i686.manylinux2014_i686.whl", hash = "sha256:2443cbda35df0d35dcfb9bf8f3c02c57c1d6111169e3c85fc1fcc05e0c9f39a3"},
    {file = "coverage-7.3.2-cp311-cp311-manylinux_2_5_x86_64.manylinux1_x86_64.manylinux_2_17_x86_64.manylinux2014_x86_64.whl", hash = "sha256:4175e10cc8dda0265653e8714b3174430b07c1dca8957f4966cbd6c2b1b8065a"},
    {file = "coverage-7.3.2-cp311-cp311-musllinux_1_1_aarch64.whl", hash = "sha256:0cbf38419fb1a347aaf63481c00f0bdc86889d9fbf3f25109cf96c26b403fda1"},
    {file = "coverage-7.3.2-cp311-cp311-musllinux_1_1_i686.whl", hash = "sha256:5c913b556a116b8d5f6ef834038ba983834d887d82187c8f73dec21049abd65c"},
    {file = "coverage-7.3.2-cp311-cp311-musllinux_1_1_x86_64.whl", hash = "sha256:1981f785239e4e39e6444c63a98da3a1db8e971cb9ceb50a945ba6296b43f312"},
    {file = "coverage-7.3.2-cp311-cp311-win32.whl", hash = "sha256:43668cabd5ca8258f5954f27a3aaf78757e6acf13c17604d89648ecc0cc66640"},
    {file = "coverage-7.3.2-cp311-cp311-win_amd64.whl", hash = "sha256:e10c39c0452bf6e694511c901426d6b5ac005acc0f78ff265dbe36bf81f808a2"},
    {file = "coverage-7.3.2-cp312-cp312-macosx_10_9_x86_64.whl", hash = "sha256:4cbae1051ab791debecc4a5dcc4a1ff45fc27b91b9aee165c8a27514dd160836"},
    {file = "coverage-7.3.2-cp312-cp312-macosx_11_0_arm64.whl", hash = "sha256:12d15ab5833a997716d76f2ac1e4b4d536814fc213c85ca72756c19e5a6b3d63"},
    {file = "coverage-7.3.2-cp312-cp312-manylinux_2_17_aarch64.manylinux2014_aarch64.whl", hash = "sha256:3c7bba973ebee5e56fe9251300c00f1579652587a9f4a5ed8404b15a0471f216"},
    {file = "coverage-7.3.2-cp312-cp312-manylinux_2_5_i686.manylinux1_i686.manylinux_2_17_i686.manylinux2014_i686.whl", hash = "sha256:fe494faa90ce6381770746077243231e0b83ff3f17069d748f645617cefe19d4"},
    {file = "coverage-7.3.2-cp312-cp312-manylinux_2_5_x86_64.manylinux1_x86_64.manylinux_2_17_x86_64.manylinux2014_x86_64.whl", hash = "sha256:f6e9589bd04d0461a417562649522575d8752904d35c12907d8c9dfeba588faf"},
    {file = "coverage-7.3.2-cp312-cp312-musllinux_1_1_aarch64.whl", hash = "sha256:d51ac2a26f71da1b57f2dc81d0e108b6ab177e7d30e774db90675467c847bbdf"},
    {file = "coverage-7.3.2-cp312-cp312-musllinux_1_1_i686.whl", hash = "sha256:99b89d9f76070237975b315b3d5f4d6956ae354a4c92ac2388a5695516e47c84"},
    {file = "coverage-7.3.2-cp312-cp312-musllinux_1_1_x86_64.whl", hash = "sha256:fa28e909776dc69efb6ed975a63691bc8172b64ff357e663a1bb06ff3c9b589a"},
    {file = "coverage-7.3.2-cp312-cp312-win32.whl", hash = "sha256:289fe43bf45a575e3ab10b26d7b6f2ddb9ee2dba447499f5401cfb5ecb8196bb"},
    {file = "coverage-7.3.2-cp312-cp312-win_amd64.whl", hash = "sha256:7dbc3ed60e8659bc59b6b304b43ff9c3ed858da2839c78b804973f613d3e92ed"},
    {file = "coverage-7.3.2-cp38-cp38-macosx_10_9_x86_64.whl", hash = "sha256:f94b734214ea6a36fe16e96a70d941af80ff3bfd716c141300d95ebc85339738"},
    {file = "coverage-7.3.2-cp38-cp38-macosx_11_0_arm64.whl", hash = "sha256:af3d828d2c1cbae52d34bdbb22fcd94d1ce715d95f1a012354a75e5913f1bda2"},
    {file = "coverage-7.3.2-cp38-cp38-manylinux_2_17_aarch64.manylinux2014_aarch64.whl", hash = "sha256:630b13e3036e13c7adc480ca42fa7afc2a5d938081d28e20903cf7fd687872e2"},
    {file = "coverage-7.3.2-cp38-cp38-manylinux_2_5_i686.manylinux1_i686.manylinux_2_17_i686.manylinux2014_i686.whl", hash = "sha256:c9eacf273e885b02a0273bb3a2170f30e2d53a6d53b72dbe02d6701b5296101c"},
    {file = "coverage-7.3.2-cp38-cp38-manylinux_2_5_x86_64.manylinux1_x86_64.manylinux_2_17_x86_64.manylinux2014_x86_64.whl", hash = "sha256:d8f17966e861ff97305e0801134e69db33b143bbfb36436efb9cfff6ec7b2fd9"},
    {file = "coverage-7.3.2-cp38-cp38-musllinux_1_1_aarch64.whl", hash = "sha256:b4275802d16882cf9c8b3d057a0839acb07ee9379fa2749eca54efbce1535b82"},
    {file = "coverage-7.3.2-cp38-cp38-musllinux_1_1_i686.whl", hash = "sha256:72c0cfa5250f483181e677ebc97133ea1ab3eb68645e494775deb6a7f6f83901"},
    {file = "coverage-7.3.2-cp38-cp38-musllinux_1_1_x86_64.whl", hash = "sha256:cb536f0dcd14149425996821a168f6e269d7dcd2c273a8bff8201e79f5104e76"},
    {file = "coverage-7.3.2-cp38-cp38-win32.whl", hash = "sha256:307adb8bd3abe389a471e649038a71b4eb13bfd6b7dd9a129fa856f5c695cf92"},
    {file = "coverage-7.3.2-cp38-cp38-win_amd64.whl", hash = "sha256:88ed2c30a49ea81ea3b7f172e0269c182a44c236eb394718f976239892c0a27a"},
    {file = "coverage-7.3.2-cp39-cp39-macosx_10_9_x86_64.whl", hash = "sha256:b631c92dfe601adf8f5ebc7fc13ced6bb6e9609b19d9a8cd59fa47c4186ad1ce"},
    {file = "coverage-7.3.2-cp39-cp39-macosx_11_0_arm64.whl", hash = "sha256:d3d9df4051c4a7d13036524b66ecf7a7537d14c18a384043f30a303b146164e9"},
    {file = "coverage-7.3.2-cp39-cp39-manylinux_2_17_aarch64.manylinux2014_aarch64.whl", hash = "sha256:5f7363d3b6a1119ef05015959ca24a9afc0ea8a02c687fe7e2d557705375c01f"},
    {file = "coverage-7.3.2-cp39-cp39-manylinux_2_5_i686.manylinux1_i686.manylinux_2_17_i686.manylinux2014_i686.whl", hash = "sha256:2f11cc3c967a09d3695d2a6f03fb3e6236622b93be7a4b5dc09166a861be6d25"},
    {file = "coverage-7.3.2-cp39-cp39-manylinux_2_5_x86_64.manylinux1_x86_64.manylinux_2_17_x86_64.manylinux2014_x86_64.whl", hash = "sha256:149de1d2401ae4655c436a3dced6dd153f4c3309f599c3d4bd97ab172eaf02d9"},
    {file = "coverage-7.3.2-cp39-cp39-musllinux_1_1_aarch64.whl", hash = "sha256:3a4006916aa6fee7cd38db3bfc95aa9c54ebb4ffbfc47c677c8bba949ceba0a6"},
    {file = "coverage-7.3.2-cp39-cp39-musllinux_1_1_i686.whl", hash = "sha256:9028a3871280110d6e1aa2df1afd5ef003bab5fb1ef421d6dc748ae1c8ef2ebc"},
    {file = "coverage-7.3.2-cp39-cp39-musllinux_1_1_x86_64.whl", hash = "sha256:9f805d62aec8eb92bab5b61c0f07329275b6f41c97d80e847b03eb894f38d083"},
    {file = "coverage-7.3.2-cp39-cp39-win32.whl", hash = "sha256:d1c88ec1a7ff4ebca0219f5b1ef863451d828cccf889c173e1253aa84b1e07ce"},
    {file = "coverage-7.3.2-cp39-cp39-win_amd64.whl", hash = "sha256:b4767da59464bb593c07afceaddea61b154136300881844768037fd5e859353f"},
    {file = "coverage-7.3.2-pp38.pp39.pp310-none-any.whl", hash = "sha256:ae97af89f0fbf373400970c0a21eef5aa941ffeed90aee43650b81f7d7f47637"},
    {file = "coverage-7.3.2.tar.gz", hash = "sha256:be32ad29341b0170e795ca590e1c07e81fc061cb5b10c74ce7203491484404ef"},
]

[package.dependencies]
tomli = {version = "*", optional = true, markers = "python_full_version <= \"3.11.0a6\" and extra == \"toml\""}

[package.extras]
toml = ["tomli"]

[[package]]
name = "exceptiongroup"
version = "1.1.3"
description = "Backport of PEP 654 (exception groups)"
optional = false
python-versions = ">=3.7"
files = [
    {file = "exceptiongroup-1.1.3-py3-none-any.whl", hash = "sha256:343280667a4585d195ca1cf9cef84a4e178c4b6cf2274caef9859782b567d5e3"},
    {file = "exceptiongroup-1.1.3.tar.gz", hash = "sha256:097acd85d473d75af5bb98e41b61ff7fe35efe6675e4f9370ec6ec5126d160e9"},
]

[package.extras]
test = ["pytest (>=6)"]

[[package]]
name = "grpc-stubs"
version = "1.53.0.3"
description = "Mypy stubs for gRPC"
optional = false
python-versions = ">=3.6"
files = [
    {file = "grpc-stubs-1.53.0.3.tar.gz", hash = "sha256:6e5d75cdc88c0ba918e2f8395851f1e6a7c19a7c7fc3e902bde4601c7a1cbf96"},
    {file = "grpc_stubs-1.53.0.3-py3-none-any.whl", hash = "sha256:312c3c697089344936c9779118a105bcc4ccc8eef053265f3f23086acdba2683"},
]

[package.dependencies]
grpcio = "*"

[[package]]
name = "grpcio"
version = "1.59.3"
description = "HTTP/2-based RPC framework"
optional = false
python-versions = ">=3.7"
files = [
    {file = "grpcio-1.59.3-cp310-cp310-linux_armv7l.whl", hash = "sha256:aca028a6c7806e5b61e5f9f4232432c52856f7fcb98e330b20b6bc95d657bdcc"},
    {file = "grpcio-1.59.3-cp310-cp310-macosx_12_0_universal2.whl", hash = "sha256:19ad26a7967f7999c8960d2b9fe382dae74c55b0c508c613a6c2ba21cddf2354"},
    {file = "grpcio-1.59.3-cp310-cp310-manylinux_2_17_aarch64.whl", hash = "sha256:72b71dad2a3d1650e69ad42a5c4edbc59ee017f08c32c95694172bc501def23c"},
    {file = "grpcio-1.59.3-cp310-cp310-manylinux_2_17_i686.manylinux2014_i686.whl", hash = "sha256:c0f0a11d82d0253656cc42e04b6a149521e02e755fe2e4edd21123de610fd1d4"},
    {file = "grpcio-1.59.3-cp310-cp310-manylinux_2_17_x86_64.manylinux2014_x86_64.whl", hash = "sha256:60cddafb70f9a2c81ba251b53b4007e07cca7389e704f86266e22c4bffd8bf1d"},
    {file = "grpcio-1.59.3-cp310-cp310-musllinux_1_1_i686.whl", hash = "sha256:6c75a1fa0e677c1d2b6d4196ad395a5c381dfb8385f07ed034ef667cdcdbcc25"},
    {file = "grpcio-1.59.3-cp310-cp310-musllinux_1_1_x86_64.whl", hash = "sha256:e1d8e01438d5964a11167eec1edb5f85ed8e475648f36c834ed5db4ffba24ac8"},
    {file = "grpcio-1.59.3-cp310-cp310-win32.whl", hash = "sha256:c4b0076f0bf29ee62335b055a9599f52000b7941f577daa001c7ef961a1fbeab"},
    {file = "grpcio-1.59.3-cp310-cp310-win_amd64.whl", hash = "sha256:b1f00a3e6e0c3dccccffb5579fc76ebfe4eb40405ba308505b41ef92f747746a"},
    {file = "grpcio-1.59.3-cp311-cp311-linux_armv7l.whl", hash = "sha256:3996aaa21231451161dc29df6a43fcaa8b332042b6150482c119a678d007dd86"},
    {file = "grpcio-1.59.3-cp311-cp311-macosx_10_10_universal2.whl", hash = "sha256:cb4e9cbd9b7388fcb06412da9f188c7803742d06d6f626304eb838d1707ec7e3"},
    {file = "grpcio-1.59.3-cp311-cp311-manylinux_2_17_aarch64.whl", hash = "sha256:8022ca303d6c694a0d7acfb2b472add920217618d3a99eb4b14edc7c6a7e8fcf"},
    {file = "grpcio-1.59.3-cp311-cp311-manylinux_2_17_i686.manylinux2014_i686.whl", hash = "sha256:b36683fad5664283755a7f4e2e804e243633634e93cd798a46247b8e54e3cb0d"},
    {file = "grpcio-1.59.3-cp311-cp311-manylinux_2_17_x86_64.manylinux2014_x86_64.whl", hash = "sha256:8239b853226e4824e769517e1b5232e7c4dda3815b200534500338960fcc6118"},
    {file = "grpcio-1.59.3-cp311-cp311-musllinux_1_1_i686.whl", hash = "sha256:0511af8653fbda489ff11d542a08505d56023e63cafbda60e6e00d4e0bae86ea"},
    {file = "grpcio-1.59.3-cp311-cp311-musllinux_1_1_x86_64.whl", hash = "sha256:e78dc982bda74cef2ddfce1c91d29b96864c4c680c634e279ed204d51e227473"},
    {file = "grpcio-1.59.3-cp311-cp311-win32.whl", hash = "sha256:6a5c3a96405966c023e139c3bcccb2c7c776a6f256ac6d70f8558c9041bdccc3"},
    {file = "grpcio-1.59.3-cp311-cp311-win_amd64.whl", hash = "sha256:ed26826ee423b11477297b187371cdf4fa1eca874eb1156422ef3c9a60590dd9"},
    {file = "grpcio-1.59.3-cp312-cp312-linux_armv7l.whl", hash = "sha256:45dddc5cb5227d30fa43652d8872dc87f086d81ab4b500be99413bad0ae198d7"},
    {file = "grpcio-1.59.3-cp312-cp312-macosx_10_10_universal2.whl", hash = "sha256:1736496d74682e53dd0907fd515f2694d8e6a96c9a359b4080b2504bf2b2d91b"},
    {file = "grpcio-1.59.3-cp312-cp312-manylinux_2_17_aarch64.whl", hash = "sha256:ddbd1a16138e52e66229047624de364f88a948a4d92ba20e4e25ad7d22eef025"},
    {file = "grpcio-1.59.3-cp312-cp312-manylinux_2_17_i686.manylinux2014_i686.whl", hash = "sha256:fcfa56f8d031ffda902c258c84c4b88707f3a4be4827b4e3ab8ec7c24676320d"},
    {file = "grpcio-1.59.3-cp312-cp312-manylinux_2_17_x86_64.manylinux2014_x86_64.whl", hash = "sha256:f2eb8f0c7c0c62f7a547ad7a91ba627a5aa32a5ae8d930783f7ee61680d7eb8d"},
    {file = "grpcio-1.59.3-cp312-cp312-musllinux_1_1_i686.whl", hash = "sha256:8d993399cc65e3a34f8fd48dd9ad7a376734564b822e0160dd18b3d00c1a33f9"},
    {file = "grpcio-1.59.3-cp312-cp312-musllinux_1_1_x86_64.whl", hash = "sha256:c0bd141f4f41907eb90bda74d969c3cb21c1c62779419782a5b3f5e4b5835718"},
    {file = "grpcio-1.59.3-cp312-cp312-win32.whl", hash = "sha256:33b8fd65d4e97efa62baec6171ce51f9cf68f3a8ba9f866f4abc9d62b5c97b79"},
    {file = "grpcio-1.59.3-cp312-cp312-win_amd64.whl", hash = "sha256:0e735ed002f50d4f3cb9ecfe8ac82403f5d842d274c92d99db64cfc998515e07"},
    {file = "grpcio-1.59.3-cp37-cp37m-linux_armv7l.whl", hash = "sha256:ea40ce4404e7cca0724c91a7404da410f0144148fdd58402a5942971e3469b94"},
    {file = "grpcio-1.59.3-cp37-cp37m-macosx_10_10_universal2.whl", hash = "sha256:83113bcc393477b6f7342b9f48e8a054330c895205517edc66789ceea0796b53"},
    {file = "grpcio-1.59.3-cp37-cp37m-manylinux_2_17_aarch64.whl", hash = "sha256:73afbac602b8f1212a50088193601f869b5073efa9855b3e51aaaec97848fc8a"},
    {file = "grpcio-1.59.3-cp37-cp37m-manylinux_2_17_i686.manylinux2014_i686.whl", hash = "sha256:575d61de1950b0b0699917b686b1ca108690702fcc2df127b8c9c9320f93e069"},
    {file = "grpcio-1.59.3-cp37-cp37m-manylinux_2_17_x86_64.manylinux2014_x86_64.whl", hash = "sha256:8cd76057b5c9a4d68814610ef9226925f94c1231bbe533fdf96f6181f7d2ff9e"},
    {file = "grpcio-1.59.3-cp37-cp37m-musllinux_1_1_i686.whl", hash = "sha256:95d6fd804c81efe4879e38bfd84d2b26e339a0a9b797e7615e884ef4686eb47b"},
    {file = "grpcio-1.59.3-cp37-cp37m-musllinux_1_1_x86_64.whl", hash = "sha256:0d42048b8a3286ea4134faddf1f9a59cf98192b94aaa10d910a25613c5eb5bfb"},
    {file = "grpcio-1.59.3-cp37-cp37m-win_amd64.whl", hash = "sha256:4619fea15c64bcdd9d447cdbdde40e3d5f1da3a2e8ae84103d94a9c1df210d7e"},
    {file = "grpcio-1.59.3-cp38-cp38-linux_armv7l.whl", hash = "sha256:95b5506e70284ac03b2005dd9ffcb6708c9ae660669376f0192a710687a22556"},
    {file = "grpcio-1.59.3-cp38-cp38-macosx_10_10_universal2.whl", hash = "sha256:9e17660947660ccfce56c7869032910c179a5328a77b73b37305cd1ee9301c2e"},
    {file = "grpcio-1.59.3-cp38-cp38-manylinux_2_17_aarch64.whl", hash = "sha256:00912ce19914d038851be5cd380d94a03f9d195643c28e3ad03d355cc02ce7e8"},
    {file = "grpcio-1.59.3-cp38-cp38-manylinux_2_17_i686.manylinux2014_i686.whl", hash = "sha256:e58b3cadaa3c90f1efca26ba33e0d408b35b497307027d3d707e4bcd8de862a6"},
    {file = "grpcio-1.59.3-cp38-cp38-manylinux_2_17_x86_64.manylinux2014_x86_64.whl", hash = "sha256:d787ecadea865bdf78f6679f6f5bf4b984f18f659257ba612979df97a298b3c3"},
    {file = "grpcio-1.59.3-cp38-cp38-musllinux_1_1_i686.whl", hash = "sha256:0814942ba1bba269db4e760a34388640c601dece525c6a01f3b4ff030cc0db69"},
    {file = "grpcio-1.59.3-cp38-cp38-musllinux_1_1_x86_64.whl", hash = "sha256:fb111aa99d3180c361a35b5ae1e2c63750220c584a1344229abc139d5c891881"},
    {file = "grpcio-1.59.3-cp38-cp38-win32.whl", hash = "sha256:eb8ba504c726befe40a356ecbe63c6c3c64c9a439b3164f5a718ec53c9874da0"},
    {file = "grpcio-1.59.3-cp38-cp38-win_amd64.whl", hash = "sha256:cdbc6b32fadab9bebc6f49d3e7ec4c70983c71e965497adab7f87de218e84391"},
    {file = "grpcio-1.59.3-cp39-cp39-linux_armv7l.whl", hash = "sha256:c82ca1e4be24a98a253d6dbaa216542e4163f33f38163fc77964b0f0d255b552"},
    {file = "grpcio-1.59.3-cp39-cp39-macosx_10_10_universal2.whl", hash = "sha256:36636babfda14f9e9687f28d5b66d349cf88c1301154dc71c6513de2b6c88c59"},
    {file = "grpcio-1.59.3-cp39-cp39-manylinux_2_17_aarch64.whl", hash = "sha256:5f9b2e591da751ac7fdd316cc25afafb7a626dededa9b414f90faad7f3ccebdb"},
    {file = "grpcio-1.59.3-cp39-cp39-manylinux_2_17_i686.manylinux2014_i686.whl", hash = "sha256:a93a82876a4926bf451db82ceb725bd87f42292bacc94586045261f501a86994"},
    {file = "grpcio-1.59.3-cp39-cp39-manylinux_2_17_x86_64.manylinux2014_x86_64.whl", hash = "sha256:ce31fa0bfdd1f2bb15b657c16105c8652186eab304eb512e6ae3b99b2fdd7d13"},
    {file = "grpcio-1.59.3-cp39-cp39-musllinux_1_1_i686.whl", hash = "sha256:16da0e40573962dab6cba16bec31f25a4f468e6d05b658e589090fe103b03e3d"},
    {file = "grpcio-1.59.3-cp39-cp39-musllinux_1_1_x86_64.whl", hash = "sha256:d1d1a17372fd425addd5812049fa7374008ffe689585f27f802d0935522cf4b7"},
    {file = "grpcio-1.59.3-cp39-cp39-win32.whl", hash = "sha256:52cc38a7241b5f7b4a91aaf9000fdd38e26bb00d5e8a71665ce40cfcee716281"},
    {file = "grpcio-1.59.3-cp39-cp39-win_amd64.whl", hash = "sha256:b491e5bbcad3020a96842040421e508780cade35baba30f402df9d321d1c423e"},
    {file = "grpcio-1.59.3.tar.gz", hash = "sha256:7800f99568a74a06ebdccd419dd1b6e639b477dcaf6da77ea702f8fb14ce5f80"},
]

[package.extras]
protobuf = ["grpcio-tools (>=1.59.3)"]

[[package]]
name = "grpcio-tools"
version = "1.59.3"
description = "Protobuf code generator for gRPC"
optional = false
python-versions = ">=3.7"
files = [
    {file = "grpcio-tools-1.59.3.tar.gz", hash = "sha256:cd160ac4281cd1ae77a2c880377a7728349340b4c91e24285037b57c18e9f651"},
    {file = "grpcio_tools-1.59.3-cp310-cp310-linux_armv7l.whl", hash = "sha256:17017fe74734c158e0f93817f1ff17aeda37d0f105ed6e63b12c26b66743a7a8"},
    {file = "grpcio_tools-1.59.3-cp310-cp310-macosx_12_0_universal2.whl", hash = "sha256:ac1013e4f84ffd15c45ead6d19c9d188b76c14466a799aa9c338ce3b9ebf6dcc"},
    {file = "grpcio_tools-1.59.3-cp310-cp310-manylinux_2_17_aarch64.whl", hash = "sha256:0a5d760619305eb51a8719ce9c081398f145a46bc7c86a6e2cebe0648a21f40c"},
    {file = "grpcio_tools-1.59.3-cp310-cp310-manylinux_2_17_i686.manylinux2014_i686.whl", hash = "sha256:de3d9649b7a3091ec785a67d5bf006584440f03896ee52259c6d9ff412d08afb"},
    {file = "grpcio_tools-1.59.3-cp310-cp310-manylinux_2_17_x86_64.manylinux2014_x86_64.whl", hash = "sha256:21868aa510317d3f39e5de40208ffb8ab1beb1cbcab333317939b59a9b5db055"},
    {file = "grpcio_tools-1.59.3-cp310-cp310-musllinux_1_1_i686.whl", hash = "sha256:0b116a888580317e421358f26bfaeec47d6f73079e8a47bad60d1f9f7b30f2a5"},
    {file = "grpcio_tools-1.59.3-cp310-cp310-musllinux_1_1_x86_64.whl", hash = "sha256:6bd4a72c27abda191e2360b2b720ada1880aba96a63604a6f9d7c37bb3bbf5c4"},
    {file = "grpcio_tools-1.59.3-cp310-cp310-win32.whl", hash = "sha256:d70cad744e92c7576c226a72998ae8dd59240c942f73798bbde40284eb9eb991"},
    {file = "grpcio_tools-1.59.3-cp310-cp310-win_amd64.whl", hash = "sha256:2b8a4aca0c11f2a8b3bfe103362984bdc427ab762428446ef2e12922fd48ee10"},
    {file = "grpcio_tools-1.59.3-cp311-cp311-linux_armv7l.whl", hash = "sha256:b4418b78408ff56ee70a0b14484c07f5e48c2e6f4fa7be390d486a686d0cd6e4"},
    {file = "grpcio_tools-1.59.3-cp311-cp311-macosx_10_10_universal2.whl", hash = "sha256:58de83ced4f86458f45288a5f76d9765dc245a9ce4e783a194decccc7e0674ea"},
    {file = "grpcio_tools-1.59.3-cp311-cp311-manylinux_2_17_aarch64.whl", hash = "sha256:76b0cdcbcb38722840d3eaff6439ddb4b8f0210c6718553d7b7c911834b10e60"},
    {file = "grpcio_tools-1.59.3-cp311-cp311-manylinux_2_17_i686.manylinux2014_i686.whl", hash = "sha256:a0cacf59513b100bfb3d8de51ba43db6140aa9bcb7bba872badb48acb430c002"},
    {file = "grpcio_tools-1.59.3-cp311-cp311-manylinux_2_17_x86_64.manylinux2014_x86_64.whl", hash = "sha256:019fdd986c80b13187574c291df5054f241bdbe87dbc86e4cee73ffa28328647"},
    {file = "grpcio_tools-1.59.3-cp311-cp311-musllinux_1_1_i686.whl", hash = "sha256:ff304b9d6c23d8e2ecc860bebac1ec6768a2d920985bcea9ce4a7aaeeea44f76"},
    {file = "grpcio_tools-1.59.3-cp311-cp311-musllinux_1_1_x86_64.whl", hash = "sha256:ca286affe613beaf2d5a6b8bd83203dcf488917194b416da48aa849047b5f081"},
    {file = "grpcio_tools-1.59.3-cp311-cp311-win32.whl", hash = "sha256:8f69141ff370729ceaad0286b8c6e15352c9bb39aa8f18c0500ce3d0238c2981"},
    {file = "grpcio_tools-1.59.3-cp311-cp311-win_amd64.whl", hash = "sha256:05ec4ffe16b6eab12813476e6d7465a0027bee33999d4776ae1d9c0664d0fc54"},
    {file = "grpcio_tools-1.59.3-cp312-cp312-linux_armv7l.whl", hash = "sha256:21d976419630f72a7cefebe7dcfc451b33d70c805a43ff5a60c43367813f0527"},
    {file = "grpcio_tools-1.59.3-cp312-cp312-macosx_10_10_universal2.whl", hash = "sha256:396106f92ea6ab2157535e1a009bac99aa15680ca8addbc8e7c1a4d3f5b1fb2c"},
    {file = "grpcio_tools-1.59.3-cp312-cp312-manylinux_2_17_aarch64.whl", hash = "sha256:4f064483e0046a4a193d6c67b26ea0f61737e8232ff61636a7fa0bc5244458be"},
    {file = "grpcio_tools-1.59.3-cp312-cp312-manylinux_2_17_i686.manylinux2014_i686.whl", hash = "sha256:a6dc6da8e3780df25095c1952f45c334e1554f25b991ffe75dbf0408795d27a0"},
    {file = "grpcio_tools-1.59.3-cp312-cp312-manylinux_2_17_x86_64.manylinux2014_x86_64.whl", hash = "sha256:87111be05c1a159ce3fffbfad86ff69fd4bf1702cde127eb698d8e8c3a018ab6"},
    {file = "grpcio_tools-1.59.3-cp312-cp312-musllinux_1_1_i686.whl", hash = "sha256:83453a13c2120238eb7fb993b03b370496e76071a7b45c816aa682d9226d29c1"},
    {file = "grpcio_tools-1.59.3-cp312-cp312-musllinux_1_1_x86_64.whl", hash = "sha256:4384b29d8e126bc6e24a5efd9d60a2a2015867c7109fa67ff2ed274b3f4a05c5"},
    {file = "grpcio_tools-1.59.3-cp312-cp312-win32.whl", hash = "sha256:ce1372c9acde9d74c7e54858598ac0c5203dd3ec24b9085f7a8b2f33cc156736"},
    {file = "grpcio_tools-1.59.3-cp312-cp312-win_amd64.whl", hash = "sha256:84179e3a7c9067e993700b3255f2adc10e9b16e8dd28525d1dd1a02b9ca603ee"},
    {file = "grpcio_tools-1.59.3-cp37-cp37m-linux_armv7l.whl", hash = "sha256:592208a9a02df75993cc4dba111d2b81f0e6a3f3837856be239e1aceb6651f31"},
    {file = "grpcio_tools-1.59.3-cp37-cp37m-macosx_10_10_universal2.whl", hash = "sha256:1abe30ce770ac4fed966d017771fa7f8ced6a279de7ce68023e2c07f07911e76"},
    {file = "grpcio_tools-1.59.3-cp37-cp37m-manylinux_2_17_aarch64.whl", hash = "sha256:4dce57668e2aa8c3bb0b2a0bb766a2654ee0f4d8d31e02a6001e98af18569285"},
    {file = "grpcio_tools-1.59.3-cp37-cp37m-manylinux_2_17_i686.manylinux2014_i686.whl", hash = "sha256:acaefd3c362250a02cc93fc1b5440e3cb30ab8d7fd81594b2975ea19f123aae3"},
    {file = "grpcio_tools-1.59.3-cp37-cp37m-manylinux_2_17_x86_64.manylinux2014_x86_64.whl", hash = "sha256:76542e1c11e3f2c22c19cff6b3233caab35924fad1f685ce63184d31b4050fa8"},
    {file = "grpcio_tools-1.59.3-cp37-cp37m-musllinux_1_1_i686.whl", hash = "sha256:64fd1efb23da054f61aca2346c5139f317b7f4c545f6dbda5ec246f281af8e86"},
    {file = "grpcio_tools-1.59.3-cp37-cp37m-musllinux_1_1_x86_64.whl", hash = "sha256:ea6454acde508c9a62dab3f59e98b32e32b26aa60df20080982503bb7db51304"},
    {file = "grpcio_tools-1.59.3-cp37-cp37m-win_amd64.whl", hash = "sha256:a048d4bde526f3c6e364abea2c3a481f3bbebc4bfa7fdcfcc3e5ee4f8ab9c4c5"},
    {file = "grpcio_tools-1.59.3-cp38-cp38-linux_armv7l.whl", hash = "sha256:b4db59a62d31c98105af08b1bfb8878c239e4cf31088f2d9864756cdfec67746"},
    {file = "grpcio_tools-1.59.3-cp38-cp38-macosx_10_10_universal2.whl", hash = "sha256:05ac0f6683759e5508081c09af26cb6cc949c2c54d75ff8b76344709f78dda53"},
    {file = "grpcio_tools-1.59.3-cp38-cp38-manylinux_2_17_aarch64.whl", hash = "sha256:a031e1ced828a00f1eb59db5f5d4dd39d3bd6a7df8187f84830d4a32a1bbc686"},
    {file = "grpcio_tools-1.59.3-cp38-cp38-manylinux_2_17_i686.manylinux2014_i686.whl", hash = "sha256:f48b4409b306675b7673dad725c9cf3234bf05623bf8a193ad14af39d0368ba6"},
    {file = "grpcio_tools-1.59.3-cp38-cp38-manylinux_2_17_x86_64.manylinux2014_x86_64.whl", hash = "sha256:36524d97cc936767a69815b90be76a1420b3218a7724ce69cde6ece794e72a17"},
    {file = "grpcio_tools-1.59.3-cp38-cp38-musllinux_1_1_i686.whl", hash = "sha256:7cc7e8b893a6c37a8a28735fede1aa40275988a668d1e22c5f234938a77d811d"},
    {file = "grpcio_tools-1.59.3-cp38-cp38-musllinux_1_1_x86_64.whl", hash = "sha256:917be645a71cf9592d2f5a3589c20c074a6539954017e8e2dca5e8ba13025625"},
    {file = "grpcio_tools-1.59.3-cp38-cp38-win32.whl", hash = "sha256:a1394b7a65d738ee0ce4eac1fc95158dd9c97b5c3f690d259e6ee0bf131697de"},
    {file = "grpcio_tools-1.59.3-cp38-cp38-win_amd64.whl", hash = "sha256:007745bd3c5a788dcb73eeb6cd773613a834bd2442e7d062dcafe46dbd4bb5f6"},
    {file = "grpcio_tools-1.59.3-cp39-cp39-linux_armv7l.whl", hash = "sha256:102b5f14a500dbb766f24a96884d9572a3ea7a56d69695461100fb71ec922ef6"},
    {file = "grpcio_tools-1.59.3-cp39-cp39-macosx_10_10_universal2.whl", hash = "sha256:46c384a0e30a8422a3e2c5530b3cd69b652dd659549907e2eaac7ca4e0ab614d"},
    {file = "grpcio_tools-1.59.3-cp39-cp39-manylinux_2_17_aarch64.whl", hash = "sha256:ee013da4f5a4ef50fdeca372470733bc402677a4dc0023ee94bf42478b5a620d"},
    {file = "grpcio_tools-1.59.3-cp39-cp39-manylinux_2_17_i686.manylinux2014_i686.whl", hash = "sha256:4b7883ce3d532c09f29c016fdac107f9a3dc43f9e6b60faf8b91fcba21824269"},
    {file = "grpcio_tools-1.59.3-cp39-cp39-manylinux_2_17_x86_64.manylinux2014_x86_64.whl", hash = "sha256:2861e4814ebc147854c2246092c433931f4c15f3c8105ae8716b1e282313a5ae"},
    {file = "grpcio_tools-1.59.3-cp39-cp39-musllinux_1_1_i686.whl", hash = "sha256:d93590a6a82469f3e58e39692230d99c43a39b215cb581e072dcd52286471152"},
    {file = "grpcio_tools-1.59.3-cp39-cp39-musllinux_1_1_x86_64.whl", hash = "sha256:f8396183e6e0a16178773963dc21b58c0c532783476fda314198a9e42f57af7d"},
    {file = "grpcio_tools-1.59.3-cp39-cp39-win32.whl", hash = "sha256:6747b1d82d08e0f5e1a6438532343a1c5504147d1a199c5756e702e5f916de4c"},
    {file = "grpcio_tools-1.59.3-cp39-cp39-win_amd64.whl", hash = "sha256:3a560dcb176dd42c37af5d37299e318341a572547e32b942247daa834d2164c0"},
]

[package.dependencies]
grpcio = ">=1.59.3"
protobuf = ">=4.21.6,<5.0dev"
setuptools = "*"

[[package]]
name = "iniconfig"
version = "2.0.0"
description = "brain-dead simple config-ini parsing"
optional = false
python-versions = ">=3.7"
files = [
    {file = "iniconfig-2.0.0-py3-none-any.whl", hash = "sha256:b6a85871a79d2e3b22d2d1b94ac2824226a63c6b741c88f7ae975f18b6778374"},
    {file = "iniconfig-2.0.0.tar.gz", hash = "sha256:2d91e135bf72d31a410b17c16da610a82cb55f6b0477d1a902134b24a455b8b3"},
]

[[package]]
name = "isort"
version = "5.12.0"
description = "A Python utility / library to sort Python imports."
optional = false
python-versions = ">=3.8.0"
files = [
    {file = "isort-5.12.0-py3-none-any.whl", hash = "sha256:f84c2818376e66cf843d497486ea8fed8700b340f308f076c6fb1229dff318b6"},
    {file = "isort-5.12.0.tar.gz", hash = "sha256:8bef7dde241278824a6d83f44a544709b065191b95b6e50894bdc722fcba0504"},
]

[package.extras]
colors = ["colorama (>=0.4.3)"]
pipfile-deprecated-finder = ["pip-shims (>=0.5.2)", "pipreqs", "requirementslib"]
plugins = ["setuptools"]
requirements-deprecated-finder = ["pip-api", "pipreqs"]

[[package]]
name = "mypy"
version = "1.7.0"
description = "Optional static typing for Python"
optional = false
python-versions = ">=3.8"
files = [
    {file = "mypy-1.7.0-cp310-cp310-macosx_10_9_x86_64.whl", hash = "sha256:5da84d7bf257fd8f66b4f759a904fd2c5a765f70d8b52dde62b521972a0a2357"},
    {file = "mypy-1.7.0-cp310-cp310-macosx_11_0_arm64.whl", hash = "sha256:a3637c03f4025f6405737570d6cbfa4f1400eb3c649317634d273687a09ffc2f"},
    {file = "mypy-1.7.0-cp310-cp310-manylinux_2_17_x86_64.manylinux2014_x86_64.whl", hash = "sha256:b633f188fc5ae1b6edca39dae566974d7ef4e9aaaae00bc36efe1f855e5173ac"},
    {file = "mypy-1.7.0-cp310-cp310-musllinux_1_1_x86_64.whl", hash = "sha256:d6ed9a3997b90c6f891138e3f83fb8f475c74db4ccaa942a1c7bf99e83a989a1"},
    {file = "mypy-1.7.0-cp310-cp310-win_amd64.whl", hash = "sha256:1fe46e96ae319df21359c8db77e1aecac8e5949da4773c0274c0ef3d8d1268a9"},
    {file = "mypy-1.7.0-cp311-cp311-macosx_10_9_x86_64.whl", hash = "sha256:df67fbeb666ee8828f675fee724cc2cbd2e4828cc3df56703e02fe6a421b7401"},
    {file = "mypy-1.7.0-cp311-cp311-macosx_11_0_arm64.whl", hash = "sha256:a79cdc12a02eb526d808a32a934c6fe6df07b05f3573d210e41808020aed8b5d"},
    {file = "mypy-1.7.0-cp311-cp311-manylinux_2_17_x86_64.manylinux2014_x86_64.whl", hash = "sha256:f65f385a6f43211effe8c682e8ec3f55d79391f70a201575def73d08db68ead1"},
    {file = "mypy-1.7.0-cp311-cp311-musllinux_1_1_x86_64.whl", hash = "sha256:0e81ffd120ee24959b449b647c4b2fbfcf8acf3465e082b8d58fd6c4c2b27e46"},
    {file = "mypy-1.7.0-cp311-cp311-win_amd64.whl", hash = "sha256:f29386804c3577c83d76520abf18cfcd7d68264c7e431c5907d250ab502658ee"},
    {file = "mypy-1.7.0-cp312-cp312-macosx_10_9_x86_64.whl", hash = "sha256:87c076c174e2c7ef8ab416c4e252d94c08cd4980a10967754f91571070bf5fbe"},
    {file = "mypy-1.7.0-cp312-cp312-macosx_11_0_arm64.whl", hash = "sha256:6cb8d5f6d0fcd9e708bb190b224089e45902cacef6f6915481806b0c77f7786d"},
    {file = "mypy-1.7.0-cp312-cp312-manylinux_2_17_x86_64.manylinux2014_x86_64.whl", hash = "sha256:d93e76c2256aa50d9c82a88e2f569232e9862c9982095f6d54e13509f01222fc"},
    {file = "mypy-1.7.0-cp312-cp312-musllinux_1_1_x86_64.whl", hash = "sha256:cddee95dea7990e2215576fae95f6b78a8c12f4c089d7e4367564704e99118d3"},
    {file = "mypy-1.7.0-cp312-cp312-win_amd64.whl", hash = "sha256:d01921dbd691c4061a3e2ecdbfbfad029410c5c2b1ee88946bf45c62c6c91210"},
    {file = "mypy-1.7.0-cp38-cp38-macosx_10_9_x86_64.whl", hash = "sha256:185cff9b9a7fec1f9f7d8352dff8a4c713b2e3eea9c6c4b5ff7f0edf46b91e41"},
    {file = "mypy-1.7.0-cp38-cp38-macosx_11_0_arm64.whl", hash = "sha256:7a7b1e399c47b18feb6f8ad4a3eef3813e28c1e871ea7d4ea5d444b2ac03c418"},
    {file = "mypy-1.7.0-cp38-cp38-manylinux_2_17_x86_64.manylinux2014_x86_64.whl", hash = "sha256:fc9fe455ad58a20ec68599139ed1113b21f977b536a91b42bef3ffed5cce7391"},
    {file = "mypy-1.7.0-cp38-cp38-musllinux_1_1_x86_64.whl", hash = "sha256:d0fa29919d2e720c8dbaf07d5578f93d7b313c3e9954c8ec05b6d83da592e5d9"},
    {file = "mypy-1.7.0-cp38-cp38-win_amd64.whl", hash = "sha256:2b53655a295c1ed1af9e96b462a736bf083adba7b314ae775563e3fb4e6795f5"},
    {file = "mypy-1.7.0-cp39-cp39-macosx_10_9_x86_64.whl", hash = "sha256:c1b06b4b109e342f7dccc9efda965fc3970a604db70f8560ddfdee7ef19afb05"},
    {file = "mypy-1.7.0-cp39-cp39-macosx_11_0_arm64.whl", hash = "sha256:bf7a2f0a6907f231d5e41adba1a82d7d88cf1f61a70335889412dec99feeb0f8"},
    {file = "mypy-1.7.0-cp39-cp39-manylinux_2_17_x86_64.manylinux2014_x86_64.whl", hash = "sha256:551d4a0cdcbd1d2cccdcc7cb516bb4ae888794929f5b040bb51aae1846062901"},
    {file = "mypy-1.7.0-cp39-cp39-musllinux_1_1_x86_64.whl", hash = "sha256:55d28d7963bef00c330cb6461db80b0b72afe2f3c4e2963c99517cf06454e665"},
    {file = "mypy-1.7.0-cp39-cp39-win_amd64.whl", hash = "sha256:870bd1ffc8a5862e593185a4c169804f2744112b4a7c55b93eb50f48e7a77010"},
    {file = "mypy-1.7.0-py3-none-any.whl", hash = "sha256:96650d9a4c651bc2a4991cf46f100973f656d69edc7faf91844e87fe627f7e96"},
    {file = "mypy-1.7.0.tar.gz", hash = "sha256:1e280b5697202efa698372d2f39e9a6713a0395a756b1c6bd48995f8d72690dc"},
]

[package.dependencies]
mypy-extensions = ">=1.0.0"
tomli = {version = ">=1.1.0", markers = "python_version < \"3.11\""}
typing-extensions = ">=4.1.0"

[package.extras]
dmypy = ["psutil (>=4.0)"]
install-types = ["pip"]
mypyc = ["setuptools (>=50)"]
reports = ["lxml"]

[[package]]
name = "mypy-extensions"
version = "1.0.0"
description = "Type system extensions for programs checked with the mypy type checker."
optional = false
python-versions = ">=3.5"
files = [
    {file = "mypy_extensions-1.0.0-py3-none-any.whl", hash = "sha256:4392f6c0eb8a5668a69e23d168ffa70f0be9ccfd32b5cc2d26a34ae5b844552d"},
    {file = "mypy_extensions-1.0.0.tar.gz", hash = "sha256:75dbf8955dc00442a438fc4d0666508a9a97b6bd41aa2f0ffe9d2f2725af0782"},
]

[[package]]
name = "mypy-protobuf"
version = "3.5.0"
description = "Generate mypy stub files from protobuf specs"
optional = false
python-versions = ">=3.8"
files = [
    {file = "mypy-protobuf-3.5.0.tar.gz", hash = "sha256:21f270da0a9792a9dac76b0df463c027e561664ab6973c59be4e4d064dfe67dc"},
    {file = "mypy_protobuf-3.5.0-py3-none-any.whl", hash = "sha256:0d0548c6b9a6faf14ce1a9ce2831c403a5c1f2a9363e85b1e2c51d5d57aa8393"},
]

[package.dependencies]
protobuf = ">=4.23.4"
types-protobuf = ">=4.23.0.2"

[[package]]
name = "packaging"
version = "23.2"
description = "Core utilities for Python packages"
optional = false
python-versions = ">=3.7"
files = [
    {file = "packaging-23.2-py3-none-any.whl", hash = "sha256:8c491190033a9af7e1d931d0b5dacc2ef47509b34dd0de67ed209b5203fc88c7"},
    {file = "packaging-23.2.tar.gz", hash = "sha256:048fb0e9405036518eaaf48a55953c750c11e1a1b68e0dd1a9d62ed0c092cfc5"},
]

[[package]]
name = "pathspec"
version = "0.11.2"
description = "Utility library for gitignore style pattern matching of file paths."
optional = false
python-versions = ">=3.7"
files = [
    {file = "pathspec-0.11.2-py3-none-any.whl", hash = "sha256:1d6ed233af05e679efb96b1851550ea95bbb64b7c490b0f5aa52996c11e92a20"},
    {file = "pathspec-0.11.2.tar.gz", hash = "sha256:e0d8d0ac2f12da61956eb2306b69f9469b42f4deb0f3cb6ed47b9cce9996ced3"},
]

[[package]]
name = "platformdirs"
version = "3.11.0"
description = "A small Python package for determining appropriate platform-specific dirs, e.g. a \"user data dir\"."
optional = false
python-versions = ">=3.7"
files = [
    {file = "platformdirs-3.11.0-py3-none-any.whl", hash = "sha256:e9d171d00af68be50e9202731309c4e658fd8bc76f55c11c7dd760d023bda68e"},
    {file = "platformdirs-3.11.0.tar.gz", hash = "sha256:cf8ee52a3afdb965072dcc652433e0c7e3e40cf5ea1477cd4b3b1d2eb75495b3"},
]

[package.extras]
docs = ["furo (>=2023.7.26)", "proselint (>=0.13)", "sphinx (>=7.1.1)", "sphinx-autodoc-typehints (>=1.24)"]
test = ["appdirs (==1.4.4)", "covdefaults (>=2.3)", "pytest (>=7.4)", "pytest-cov (>=4.1)", "pytest-mock (>=3.11.1)"]

[[package]]
name = "pluggy"
version = "1.3.0"
description = "plugin and hook calling mechanisms for python"
optional = false
python-versions = ">=3.8"
files = [
    {file = "pluggy-1.3.0-py3-none-any.whl", hash = "sha256:d89c696a773f8bd377d18e5ecda92b7a3793cbe66c87060a6fb58c7b6e1061f7"},
    {file = "pluggy-1.3.0.tar.gz", hash = "sha256:cf61ae8f126ac6f7c451172cf30e3e43d3ca77615509771b3a984a0730651e12"},
]

[package.extras]
dev = ["pre-commit", "tox"]
testing = ["pytest", "pytest-benchmark"]

[[package]]
name = "protobuf"
version = "4.25.1"
description = ""
optional = false
python-versions = ">=3.8"
files = [
    {file = "protobuf-4.25.1-cp310-abi3-win32.whl", hash = "sha256:193f50a6ab78a970c9b4f148e7c750cfde64f59815e86f686c22e26b4fe01ce7"},
    {file = "protobuf-4.25.1-cp310-abi3-win_amd64.whl", hash = "sha256:3497c1af9f2526962f09329fd61a36566305e6c72da2590ae0d7d1322818843b"},
    {file = "protobuf-4.25.1-cp37-abi3-macosx_10_9_universal2.whl", hash = "sha256:0bf384e75b92c42830c0a679b0cd4d6e2b36ae0cf3dbb1e1dfdda48a244f4bcd"},
    {file = "protobuf-4.25.1-cp37-abi3-manylinux2014_aarch64.whl", hash = "sha256:0f881b589ff449bf0b931a711926e9ddaad3b35089cc039ce1af50b21a4ae8cb"},
    {file = "protobuf-4.25.1-cp37-abi3-manylinux2014_x86_64.whl", hash = "sha256:ca37bf6a6d0046272c152eea90d2e4ef34593aaa32e8873fc14c16440f22d4b7"},
    {file = "protobuf-4.25.1-cp38-cp38-win32.whl", hash = "sha256:abc0525ae2689a8000837729eef7883b9391cd6aa7950249dcf5a4ede230d5dd"},
    {file = "protobuf-4.25.1-cp38-cp38-win_amd64.whl", hash = "sha256:1484f9e692091450e7edf418c939e15bfc8fc68856e36ce399aed6889dae8bb0"},
    {file = "protobuf-4.25.1-cp39-cp39-win32.whl", hash = "sha256:8bdbeaddaac52d15c6dce38c71b03038ef7772b977847eb6d374fc86636fa510"},
    {file = "protobuf-4.25.1-cp39-cp39-win_amd64.whl", hash = "sha256:becc576b7e6b553d22cbdf418686ee4daa443d7217999125c045ad56322dda10"},
    {file = "protobuf-4.25.1-py3-none-any.whl", hash = "sha256:a19731d5e83ae4737bb2a089605e636077ac001d18781b3cf489b9546c7c80d6"},
    {file = "protobuf-4.25.1.tar.gz", hash = "sha256:57d65074b4f5baa4ab5da1605c02be90ac20c8b40fb137d6a8df9f416b0d0ce2"},
]

[[package]]
name = "pytest"
version = "7.4.3"
description = "pytest: simple powerful testing with Python"
optional = false
python-versions = ">=3.7"
files = [
    {file = "pytest-7.4.3-py3-none-any.whl", hash = "sha256:0d009c083ea859a71b76adf7c1d502e4bc170b80a8ef002da5806527b9591fac"},
    {file = "pytest-7.4.3.tar.gz", hash = "sha256:d989d136982de4e3b29dabcc838ad581c64e8ed52c11fbe86ddebd9da0818cd5"},
]

[package.dependencies]
colorama = {version = "*", markers = "sys_platform == \"win32\""}
exceptiongroup = {version = ">=1.0.0rc8", markers = "python_version < \"3.11\""}
iniconfig = "*"
packaging = "*"
pluggy = ">=0.12,<2.0"
tomli = {version = ">=1.0.0", markers = "python_version < \"3.11\""}

[package.extras]
testing = ["argcomplete", "attrs (>=19.2.0)", "hypothesis (>=3.56)", "mock", "nose", "pygments (>=2.7.2)", "requests", "setuptools", "xmlschema"]

[[package]]
name = "pytest-asyncio"
version = "0.21.1"
description = "Pytest support for asyncio"
optional = false
python-versions = ">=3.7"
files = [
    {file = "pytest-asyncio-0.21.1.tar.gz", hash = "sha256:40a7eae6dded22c7b604986855ea48400ab15b069ae38116e8c01238e9eeb64d"},
    {file = "pytest_asyncio-0.21.1-py3-none-any.whl", hash = "sha256:8666c1c8ac02631d7c51ba282e0c69a8a452b211ffedf2599099845da5c5c37b"},
]

[package.dependencies]
pytest = ">=7.0.0"

[package.extras]
docs = ["sphinx (>=5.3)", "sphinx-rtd-theme (>=1.0)"]
testing = ["coverage (>=6.2)", "flaky (>=3.5.0)", "hypothesis (>=5.7.1)", "mypy (>=0.931)", "pytest-trio (>=0.7.0)"]

[[package]]
name = "pytest-cov"
version = "4.1.0"
description = "Pytest plugin for measuring coverage."
optional = false
python-versions = ">=3.7"
files = [
    {file = "pytest-cov-4.1.0.tar.gz", hash = "sha256:3904b13dfbfec47f003b8e77fd5b589cd11904a21ddf1ab38a64f204d6a10ef6"},
    {file = "pytest_cov-4.1.0-py3-none-any.whl", hash = "sha256:6ba70b9e97e69fcc3fb45bfeab2d0a138fb65c4d0d6a41ef33983ad114be8c3a"},
]

[package.dependencies]
coverage = {version = ">=5.2.1", extras = ["toml"]}
pytest = ">=4.6"

[package.extras]
testing = ["fields", "hunter", "process-tests", "pytest-xdist", "six", "virtualenv"]

[[package]]
name = "ruff"
version = "0.1.6"
description = "An extremely fast Python linter and code formatter, written in Rust."
optional = false
python-versions = ">=3.7"
files = [
    {file = "ruff-0.1.6-py3-none-macosx_10_12_x86_64.macosx_11_0_arm64.macosx_10_12_universal2.whl", hash = "sha256:88b8cdf6abf98130991cbc9f6438f35f6e8d41a02622cc5ee130a02a0ed28703"},
    {file = "ruff-0.1.6-py3-none-macosx_10_12_x86_64.whl", hash = "sha256:5c549ed437680b6105a1299d2cd30e4964211606eeb48a0ff7a93ef70b902248"},
    {file = "ruff-0.1.6-py3-none-manylinux_2_17_aarch64.manylinux2014_aarch64.whl", hash = "sha256:1cf5f701062e294f2167e66d11b092bba7af6a057668ed618a9253e1e90cfd76"},
    {file = "ruff-0.1.6-py3-none-manylinux_2_17_armv7l.manylinux2014_armv7l.whl", hash = "sha256:05991ee20d4ac4bb78385360c684e4b417edd971030ab12a4fbd075ff535050e"},
    {file = "ruff-0.1.6-py3-none-manylinux_2_17_i686.manylinux2014_i686.whl", hash = "sha256:87455a0c1f739b3c069e2f4c43b66479a54dea0276dd5d4d67b091265f6fd1dc"},
    {file = "ruff-0.1.6-py3-none-manylinux_2_17_ppc64.manylinux2014_ppc64.whl", hash = "sha256:683aa5bdda5a48cb8266fcde8eea2a6af4e5700a392c56ea5fb5f0d4bfdc0240"},
    {file = "ruff-0.1.6-py3-none-manylinux_2_17_ppc64le.manylinux2014_ppc64le.whl", hash = "sha256:137852105586dcbf80c1717facb6781555c4e99f520c9c827bd414fac67ddfb6"},
    {file = "ruff-0.1.6-py3-none-manylinux_2_17_s390x.manylinux2014_s390x.whl", hash = "sha256:bd98138a98d48a1c36c394fd6b84cd943ac92a08278aa8ac8c0fdefcf7138f35"},
    {file = "ruff-0.1.6-py3-none-manylinux_2_17_x86_64.manylinux2014_x86_64.whl", hash = "sha256:3a0cd909d25f227ac5c36d4e7e681577275fb74ba3b11d288aff7ec47e3ae745"},
    {file = "ruff-0.1.6-py3-none-musllinux_1_2_aarch64.whl", hash = "sha256:e8fd1c62a47aa88a02707b5dd20c5ff20d035d634aa74826b42a1da77861b5ff"},
    {file = "ruff-0.1.6-py3-none-musllinux_1_2_armv7l.whl", hash = "sha256:fd89b45d374935829134a082617954120d7a1470a9f0ec0e7f3ead983edc48cc"},
    {file = "ruff-0.1.6-py3-none-musllinux_1_2_i686.whl", hash = "sha256:491262006e92f825b145cd1e52948073c56560243b55fb3b4ecb142f6f0e9543"},
    {file = "ruff-0.1.6-py3-none-musllinux_1_2_x86_64.whl", hash = "sha256:ea284789861b8b5ca9d5443591a92a397ac183d4351882ab52f6296b4fdd5462"},
    {file = "ruff-0.1.6-py3-none-win32.whl", hash = "sha256:1610e14750826dfc207ccbcdd7331b6bd285607d4181df9c1c6ae26646d6848a"},
    {file = "ruff-0.1.6-py3-none-win_amd64.whl", hash = "sha256:4558b3e178145491e9bc3b2ee3c4b42f19d19384eaa5c59d10acf6e8f8b57e33"},
    {file = "ruff-0.1.6-py3-none-win_arm64.whl", hash = "sha256:03910e81df0d8db0e30050725a5802441c2022ea3ae4fe0609b76081731accbc"},
    {file = "ruff-0.1.6.tar.gz", hash = "sha256:1b09f29b16c6ead5ea6b097ef2764b42372aebe363722f1605ecbcd2b9207184"},
]

[[package]]
name = "setuptools"
version = "68.2.2"
description = "Easily download, build, install, upgrade, and uninstall Python packages"
optional = false
python-versions = ">=3.8"
files = [
    {file = "setuptools-68.2.2-py3-none-any.whl", hash = "sha256:b454a35605876da60632df1a60f736524eb73cc47bbc9f3f1ef1b644de74fd2a"},
    {file = "setuptools-68.2.2.tar.gz", hash = "sha256:4ac1475276d2f1c48684874089fefcd83bd7162ddaafb81fac866ba0db282a87"},
]

[package.extras]
docs = ["furo", "jaraco.packaging (>=9.3)", "jaraco.tidelift (>=1.4)", "pygments-github-lexers (==0.0.5)", "rst.linker (>=1.9)", "sphinx (>=3.5)", "sphinx-favicon", "sphinx-hoverxref (<2)", "sphinx-inline-tabs", "sphinx-lint", "sphinx-notfound-page (>=1,<2)", "sphinx-reredirects", "sphinxcontrib-towncrier"]
testing = ["build[virtualenv]", "filelock (>=3.4.0)", "flake8-2020", "ini2toml[lite] (>=0.9)", "jaraco.develop (>=7.21)", "jaraco.envs (>=2.2)", "jaraco.path (>=3.2.0)", "pip (>=19.1)", "pytest (>=6)", "pytest-black (>=0.3.7)", "pytest-checkdocs (>=2.4)", "pytest-cov", "pytest-enabler (>=2.2)", "pytest-mypy (>=0.9.1)", "pytest-perf", "pytest-ruff", "pytest-timeout", "pytest-xdist", "tomli-w (>=1.0.0)", "virtualenv (>=13.0.0)", "wheel"]
testing-integration = ["build[virtualenv] (>=1.0.3)", "filelock (>=3.4.0)", "jaraco.envs (>=2.2)", "jaraco.path (>=3.2.0)", "packaging (>=23.1)", "pytest", "pytest-enabler", "pytest-xdist", "tomli", "virtualenv (>=13.0.0)", "wheel"]

[[package]]
name = "tomli"
version = "2.0.1"
description = "A lil' TOML parser"
optional = false
python-versions = ">=3.7"
files = [
    {file = "tomli-2.0.1-py3-none-any.whl", hash = "sha256:939de3e7a6161af0c887ef91b7d41a53e7c5a1ca976325f429cb46ea9bc30ecc"},
    {file = "tomli-2.0.1.tar.gz", hash = "sha256:de526c12914f0c550d15924c62d72abc48d6fe7364aa87328337a31007fe8a4f"},
]

[[package]]
name = "types-protobuf"
version = "4.24.0.2"
description = "Typing stubs for protobuf"
optional = false
python-versions = "*"
files = [
    {file = "types-protobuf-4.24.0.2.tar.gz", hash = "sha256:598bb2290b9b0ea65f4f63569a09deaa4475edd7bb0d8589057a38deb0b19f4f"},
    {file = "types_protobuf-4.24.0.2-py3-none-any.whl", hash = "sha256:b86b0deefd1cb1582d355be4fd7a2a807cf49c993d9744d3c9fbe1cbf1e6b044"},
]

[[package]]
name = "typing-extensions"
version = "4.8.0"
description = "Backported and Experimental Type Hints for Python 3.8+"
optional = false
python-versions = ">=3.8"
files = [
    {file = "typing_extensions-4.8.0-py3-none-any.whl", hash = "sha256:8f92fc8806f9a6b641eaa5318da32b44d401efaac0f6678c9bc448ba3605faa0"},
    {file = "typing_extensions-4.8.0.tar.gz", hash = "sha256:df8e4339e9cb77357558cbdbceca33c303714cf861d1eef15e1070055ae8b7ef"},
]

[metadata]
lock-version = "2.0"
python-versions = ">=3.9,<4.0"
content-hash = "b1002cea62f2ddbd5f957cb3c61e33ee3d433040de3b90d7a0506576a5e1ca53"
